<?xml version="1.0" encoding="utf-8"?>
<Project ToolsVersion="4.0" xmlns="http://schemas.microsoft.com/developer/msbuild/2003">
  <ItemGroup>
    <Filter Include="Source Files">
      <UniqueIdentifier>{4FC737F1-C7A5-4376-A066-2A32D752A2FF}</UniqueIdentifier>
      <Extensions>cpp;c;cc;cxx;def;odl;idl;hpj;bat;asm;asmx</Extensions>
    </Filter>
    <Filter Include="Header Files">
      <UniqueIdentifier>{93995380-89BD-4b04-88EB-625FBE52EBFB}</UniqueIdentifier>
      <Extensions>h;hh;hpp;hxx;hm;inl;inc;ipp;xsd</Extensions>
    </Filter>
    <Filter Include="Resource Files">
      <UniqueIdentifier>{67DA6AB6-F800-4c08-8B7A-83BB121AAD01}</UniqueIdentifier>
      <Extensions>rc;ico;cur;bmp;dlg;rc2;rct;bin;rgs;gif;jpg;jpeg;jpe;resx;tiff;tif;png;wav;mfcribbon-ms</Extensions>
    </Filter>
  </ItemGroup>
  <ItemGroup>
    <ClInclude Include="src\Audio\Core\ICallbackReceiver.h">
      <Filter>Header Files</Filter>
    </ClInclude>
    <ClInclude Include="src\Audio\Decoder\Detail\Decoders.h">
      <Filter>Header Files</Filter>
    </ClInclude>
    <ClInclude Include="src\Audio\SampleProvider\ISampleProvider.h">
      <Filter>Header Files</Filter>
    </ClInclude>
    <ClInclude Include="src\Audio\SampleProvider\MemorySampleProvider.h">
      <Filter>Header Files</Filter>
    </ClInclude>
    <ClInclude Include="src\Audio\SampleProvider\SilenceSampleProvider.h">
      <Filter>Header Files</Filter>
    </ClInclude>
    <ClInclude Include="src\Audio\Audio.h">
      <Filter>Header Files</Filter>
    </ClInclude>
    <ClInclude Include="src\Audio\Misc\Waveform.h">
      <Filter>Header Files</Filter>
    </ClInclude>
    <ClInclude Include="src\Audio\Core\Engine.h">
      <Filter>Header Files</Filter>
    </ClInclude>
    <ClInclude Include="src\Audio\Decoder\IDecoder.h">
      <Filter>Header Files</Filter>
    </ClInclude>
    <ClInclude Include="src\Audio\Decoder\DecoderFactory.h">
      <Filter>Header Files</Filter>
    </ClInclude>
    <ClInclude Include="src\Audio\Core\Resample.h">
      <Filter>Header Files</Filter>
    </ClInclude>
    <ClInclude Include="src\Audio\Core\SampleMix.h">
      <Filter>Header Files</Filter>
    </ClInclude>
    <ClInclude Include="src\Audio\Core\ChannelMixer.h">
      <Filter>Header Files</Filter>
    </ClInclude>
    <ClInclude Include="src\Input\DirectInput\DirectInput.h">
      <Filter>Header Files</Filter>
    </ClInclude>
    <ClInclude Include="src\Input\DirectInput\DirectInputDevice.h">
      <Filter>Header Files</Filter>
    </ClInclude>
    <ClInclude Include="src\Input\DirectInput\Ds4Button.h">
      <Filter>Header Files</Filter>
    </ClInclude>
    <ClInclude Include="src\Input\DirectInput\Ds4State.h">
      <Filter>Header Files</Filter>
    </ClInclude>
    <ClInclude Include="src\Input\DirectInput\DualShock4.h">
      <Filter>Header Files</Filter>
    </ClInclude>
    <ClInclude Include="src\Input\Input.h">
      <Filter>Header Files</Filter>
    </ClInclude>
    <ClInclude Include="src\Input\Core\IInputDevice.h">
      <Filter>Header Files</Filter>
    </ClInclude>
    <ClInclude Include="src\Input\Core\Keyboard.h">
      <Filter>Header Files</Filter>
    </ClInclude>
    <ClInclude Include="src\Input\Core\KeyCode.h">
      <Filter>Header Files</Filter>
    </ClInclude>
    <ClInclude Include="src\Render\Render.h">
      <Filter>Header Files</Filter>
    </ClInclude>
    <ClInclude Include="src\Render\D3D11\Buffer\ConstantBuffer.h">
      <Filter>Header Files</Filter>
    </ClInclude>
    <ClInclude Include="src\Render\D3D11\Buffer\IndexBuffer.h">
      <Filter>Header Files</Filter>
    </ClInclude>
    <ClInclude Include="src\Render\D3D11\Buffer\VertexBuffer.h">
      <Filter>Header Files</Filter>
    </ClInclude>
    <ClInclude Include="src\Render\D3D11\State\BlendState.h">
      <Filter>Header Files</Filter>
    </ClInclude>
    <ClInclude Include="src\Render\D3D11\State\DepthStencilState.h">
      <Filter>Header Files</Filter>
    </ClInclude>
    <ClInclude Include="src\Render\D3D11\State\InputLayout.h">
      <Filter>Header Files</Filter>
    </ClInclude>
    <ClInclude Include="src\Render\D3D11\State\OcclusionQuery.h">
      <Filter>Header Files</Filter>
    </ClInclude>
    <ClInclude Include="src\Render\D3D11\State\RasterizerState.h">
      <Filter>Header Files</Filter>
    </ClInclude>
    <ClInclude Include="src\Render\D3D11\Texture\DepthBuffer.h">
      <Filter>Header Files</Filter>
    </ClInclude>
    <ClInclude Include="src\Render\D3D11\Texture\RenderTarget.h">
      <Filter>Header Files</Filter>
    </ClInclude>
    <ClInclude Include="src\Render\D3D11\Texture\Texture.h">
      <Filter>Header Files</Filter>
    </ClInclude>
    <ClInclude Include="src\Render\D3D11\Texture\TextureSampler.h">
      <Filter>Header Files</Filter>
    </ClInclude>
    <ClInclude Include="src\Render\D3D11\Direct3D.h">
      <Filter>Header Files</Filter>
    </ClInclude>
    <ClInclude Include="src\Render\D3D11\IGraphicsResource.h">
      <Filter>Header Files</Filter>
    </ClInclude>
    <ClInclude Include="src\Render\Core\Camera.h">
      <Filter>Header Files</Filter>
    </ClInclude>
    <ClInclude Include="src\Render\Core\Renderer3D\Renderer3D.h">
      <Filter>Header Files</Filter>
    </ClInclude>
    <ClInclude Include="src\Render\Core\Renderer3D\Detail\ToneMapData.h">
      <Filter>Header Files</Filter>
    </ClInclude>
    <ClInclude Include="src\Render\Core\Renderer3D\Detail\BlendStateCache.h">
      <Filter>Header Files</Filter>
    </ClInclude>
    <ClInclude Include="src\Render\Core\Renderer3D\Detail\ConstantData.h">
      <Filter>Header Files</Filter>
    </ClInclude>
    <ClInclude Include="src\Render\Core\Renderer3D\Detail\GaussianBlur.h">
      <Filter>Header Files</Filter>
    </ClInclude>
    <ClInclude Include="src\Render\Core\Renderer3D\Detail\ShaderFlags.h">
      <Filter>Header Files</Filter>
    </ClInclude>
    <ClInclude Include="src\Render\Core\Renderer3D\Detail\ShaderPairs.h">
      <Filter>Header Files</Filter>
    </ClInclude>
    <ClInclude Include="src\Render\Core\Renderer3D\Detail\SubsurfaceScattering.h">
      <Filter>Header Files</Filter>
    </ClInclude>
    <ClInclude Include="src\Render\Core\Renderer3D\Detail\SunOcclusionData.h">
      <Filter>Header Files</Filter>
    </ClInclude>
    <ClInclude Include="src\Render\Core\Renderer3D\Detail\TextureSamplerCache.h">
      <Filter>Header Files</Filter>
    </ClInclude>
    <ClInclude Include="src\Render\Core\Renderer2D\Detail\SpriteBatchData.h">
      <Filter>Header Files</Filter>
    </ClInclude>
    <ClInclude Include="src\Render\D3D11\Shader\Shader.h">
      <Filter>Header Files</Filter>
    </ClInclude>
    <ClInclude Include="src\Render\Core\Renderer3D\ViewportData3D.h">
      <Filter>Header Files</Filter>
    </ClInclude>
    <ClInclude Include="src\Render\D3D11\GraphicsResourceUtil.h">
      <Filter>Header Files</Filter>
    </ClInclude>
    <ClInclude Include="src\Render\Core\Renderer2D\Renderer2D.h">
      <Filter>Header Files</Filter>
    </ClInclude>
    <ClInclude Include="src\Render\Misc\RayIntersection.h">
      <Filter>Header Files</Filter>
    </ClInclude>
  </ItemGroup>
  <ItemGroup>
    <ClCompile Include="src\Audio\Decoder\Detail\FlacDecoder.cpp">
      <Filter>Source Files</Filter>
    </ClCompile>
    <ClCompile Include="src\Audio\Decoder\Detail\HevagDecoder.cpp">
      <Filter>Source Files</Filter>
    </ClCompile>
    <ClCompile Include="src\Audio\Decoder\Detail\Mp3Decoder.cpp">
      <Filter>Source Files</Filter>
    </ClCompile>
    <ClCompile Include="src\Audio\Decoder\Detail\VorbisDecoder.cpp">
      <Filter>Source Files</Filter>
    </ClCompile>
    <ClCompile Include="src\Audio\Decoder\Detail\WavDecoder.cpp">
      <Filter>Source Files</Filter>
    </ClCompile>
    <ClCompile Include="src\Audio\SampleProvider\MemorySampleProvider.cpp">
      <Filter>Source Files</Filter>
    </ClCompile>
    <ClCompile Include="src\Audio\SampleProvider\SilenceSampleProvider.cpp">
      <Filter>Source Files</Filter>
    </ClCompile>
    <ClCompile Include="src\Audio\Misc\Waveform.cpp">
      <Filter>Source Files</Filter>
    </ClCompile>
    <ClCompile Include="src\Audio\Core\Engine.cpp">
      <Filter>Source Files</Filter>
    </ClCompile>
    <ClCompile Include="src\Audio\Decoder\DecoderFactory.cpp">
      <Filter>Source Files</Filter>
    </ClCompile>
    <ClCompile Include="src\Audio\Core\ChannelMixer.cpp">
      <Filter>Source Files</Filter>
    </ClCompile>
    <ClCompile Include="src\Input\DirectInput\DirectInput.cpp">
      <Filter>Source Files</Filter>
    </ClCompile>
    <ClCompile Include="src\Input\DirectInput\DirectInputDevice.cpp">
      <Filter>Source Files</Filter>
    </ClCompile>
    <ClCompile Include="src\Input\DirectInput\Ds4State.cpp">
      <Filter>Source Files</Filter>
    </ClCompile>
    <ClCompile Include="src\Input\DirectInput\DualShock4.cpp">
      <Filter>Source Files</Filter>
    </ClCompile>
    <ClCompile Include="src\Input\Core\Keyboard.cpp">
      <Filter>Source Files</Filter>
    </ClCompile>
    <ClCompile Include="src\Render\D3D11\Buffer\ConstantBuffer.cpp">
      <Filter>Source Files</Filter>
    </ClCompile>
    <ClCompile Include="src\Render\D3D11\Buffer\IndexBuffer.cpp">
      <Filter>Source Files</Filter>
    </ClCompile>
    <ClCompile Include="src\Render\D3D11\Buffer\VertexBuffer.cpp">
      <Filter>Source Files</Filter>
    </ClCompile>
    <ClCompile Include="src\Render\D3D11\State\BlendState.cpp">
      <Filter>Source Files</Filter>
    </ClCompile>
    <ClCompile Include="src\Render\D3D11\State\DepthStencilState.cpp">
      <Filter>Source Files</Filter>
    </ClCompile>
    <ClCompile Include="src\Render\D3D11\State\InputLayout.cpp">
      <Filter>Source Files</Filter>
    </ClCompile>
    <ClCompile Include="src\Render\D3D11\State\OcclusionQuery.cpp">
      <Filter>Source Files</Filter>
    </ClCompile>
    <ClCompile Include="src\Render\D3D11\State\RasterizerState.cpp">
      <Filter>Source Files</Filter>
    </ClCompile>
    <ClCompile Include="src\Render\D3D11\Texture\DepthBuffer.cpp">
      <Filter>Source Files</Filter>
    </ClCompile>
    <ClCompile Include="src\Render\D3D11\Texture\RenderTarget.cpp">
      <Filter>Source Files</Filter>
    </ClCompile>
    <ClCompile Include="src\Render\D3D11\Texture\Texture.cpp">
      <Filter>Source Files</Filter>
    </ClCompile>
    <ClCompile Include="src\Render\D3D11\Texture\TextureSampler.cpp">
      <Filter>Source Files</Filter>
    </ClCompile>
    <ClCompile Include="src\Render\D3D11\Direct3D.cpp">
      <Filter>Source Files</Filter>
    </ClCompile>
    <ClCompile Include="src\Render\Core\Camera.cpp">
      <Filter>Source Files</Filter>
    </ClCompile>
    <ClCompile Include="src\Render\Core\Renderer3D\Renderer3D.cpp">
      <Filter>Source Files</Filter>
    </ClCompile>
    <ClCompile Include="src\Render\Core\Renderer2D\Detail\SpriteBatchData.cpp">
      <Filter>Source Files</Filter>
    </ClCompile>
    <ClCompile Include="src\Render\D3D11\Shader\Shader.cpp">
      <Filter>Source Files</Filter>
    </ClCompile>
    <ClCompile Include="src\Render\Core\Renderer2D\Renderer2D.cpp">
      <Filter>Source Files</Filter>
    </ClCompile>
  </ItemGroup>
</Project>