<?xml version="1.0" encoding="utf-8"?>
<Project ToolsVersion="4.0" xmlns="http://schemas.microsoft.com/developer/msbuild/2003">
  <ItemGroup>
    <Filter Include="Source Files">
      <UniqueIdentifier>{4FC737F1-C7A5-4376-A066-2A32D752A2FF}</UniqueIdentifier>
      <Extensions>cpp;c;cc;cxx;def;odl;idl;hpj;bat;asm;asmx</Extensions>
    </Filter>
    <Filter Include="Header Files">
      <UniqueIdentifier>{93995380-89BD-4b04-88EB-625FBE52EBFB}</UniqueIdentifier>
      <Extensions>h;hh;hpp;hxx;hm;inl;inc;ipp;xsd</Extensions>
    </Filter>
    <Filter Include="Resource Files">
      <UniqueIdentifier>{67DA6AB6-F800-4c08-8B7A-83BB121AAD01}</UniqueIdentifier>
      <Extensions>rc;ico;cur;bmp;dlg;rc2;rct;bin;rgs;gif;jpg;jpeg;jpe;resx;tiff;tif;png;wav;mfcribbon-ms</Extensions>
    </Filter>
  </ItemGroup>
  <ItemGroup>
    <ClInclude Include="src\Audio\Decoder\Detail\Decoders.h">
      <Filter>Header Files</Filter>
    </ClInclude>
    <ClInclude Include="src\Audio\SampleProvider\ISampleProvider.h">
      <Filter>Header Files</Filter>
    </ClInclude>
    <ClInclude Include="src\Audio\SampleProvider\MemorySampleProvider.h">
      <Filter>Header Files</Filter>
    </ClInclude>
    <ClInclude Include="src\Audio\SampleProvider\SilenceSampleProvider.h">
      <Filter>Header Files</Filter>
    </ClInclude>
    <ClInclude Include="src\Audio\Audio.h">
      <Filter>Header Files</Filter>
    </ClInclude>
    <ClInclude Include="src\Audio\Misc\Waveform.h">
      <Filter>Header Files</Filter>
    </ClInclude>
    <ClInclude Include="src\Audio\Core\Engine.h">
      <Filter>Header Files</Filter>
    </ClInclude>
    <ClInclude Include="src\Audio\Decoder\IDecoder.h">
      <Filter>Header Files</Filter>
    </ClInclude>
    <ClInclude Include="src\Audio\Decoder\DecoderFactory.h">
      <Filter>Header Files</Filter>
    </ClInclude>
    <ClInclude Include="src\Audio\Core\Resample.h">
      <Filter>Header Files</Filter>
    </ClInclude>
    <ClInclude Include="src\Audio\Core\SampleMix.h">
      <Filter>Header Files</Filter>
    </ClInclude>
    <ClInclude Include="src\Audio\Core\ChannelMixer.h">
      <Filter>Header Files</Filter>
    </ClInclude>
    <ClInclude Include="src\Input\DirectInput\DirectInput.h">
      <Filter>Header Files</Filter>
    </ClInclude>
    <ClInclude Include="src\Input\DirectInput\DirectInputDevice.h">
      <Filter>Header Files</Filter>
    </ClInclude>
    <ClInclude Include="src\Input\DirectInput\Ds4Button.h">
      <Filter>Header Files</Filter>
    </ClInclude>
    <ClInclude Include="src\Input\DirectInput\Ds4State.h">
      <Filter>Header Files</Filter>
    </ClInclude>
    <ClInclude Include="src\Input\DirectInput\DualShock4.h">
      <Filter>Header Files</Filter>
    </ClInclude>
    <ClInclude Include="src\Input\Input.h">
      <Filter>Header Files</Filter>
    </ClInclude>
    <ClInclude Include="src\Input\Core\IInputDevice.h">
      <Filter>Header Files</Filter>
    </ClInclude>
    <ClInclude Include="src\Input\Core\Keyboard.h">
      <Filter>Header Files</Filter>
    </ClInclude>
    <ClInclude Include="src\Input\Core\KeyCode.h">
      <Filter>Header Files</Filter>
    </ClInclude>
    <ClInclude Include="src\Render\Render.h">
      <Filter>Header Files</Filter>
    </ClInclude>
    <ClInclude Include="src\Render\D3D11\Buffer\ConstantBuffer.h">
      <Filter>Header Files</Filter>
    </ClInclude>
    <ClInclude Include="src\Render\D3D11\Buffer\IndexBuffer.h">
      <Filter>Header Files</Filter>
    </ClInclude>
    <ClInclude Include="src\Render\D3D11\Buffer\VertexBuffer.h">
      <Filter>Header Files</Filter>
    </ClInclude>
    <ClInclude Include="src\Render\D3D11\State\BlendState.h">
      <Filter>Header Files</Filter>
    </ClInclude>
    <ClInclude Include="src\Render\D3D11\State\DepthStencilState.h">
      <Filter>Header Files</Filter>
    </ClInclude>
    <ClInclude Include="src\Render\D3D11\State\InputLayout.h">
      <Filter>Header Files</Filter>
    </ClInclude>
    <ClInclude Include="src\Render\D3D11\State\OcclusionQuery.h">
      <Filter>Header Files</Filter>
    </ClInclude>
    <ClInclude Include="src\Render\D3D11\State\RasterizerState.h">
      <Filter>Header Files</Filter>
    </ClInclude>
    <ClInclude Include="src\Render\D3D11\Texture\DepthBuffer.h">
      <Filter>Header Files</Filter>
    </ClInclude>
    <ClInclude Include="src\Render\D3D11\Texture\RenderTarget.h">
      <Filter>Header Files</Filter>
    </ClInclude>
    <ClInclude Include="src\Render\D3D11\Texture\Texture.h">
      <Filter>Header Files</Filter>
    </ClInclude>
    <ClInclude Include="src\Render\D3D11\Texture\TextureSampler.h">
      <Filter>Header Files</Filter>
    </ClInclude>
    <ClInclude Include="src\Render\D3D11\Direct3D.h">
      <Filter>Header Files</Filter>
    </ClInclude>
    <ClInclude Include="src\Render\D3D11\IGraphicsResource.h">
      <Filter>Header Files</Filter>
    </ClInclude>
    <ClInclude Include="src\Render\Core\Camera.h">
      <Filter>Header Files</Filter>
    </ClInclude>
    <ClInclude Include="src\Render\Core\Renderer3D\Renderer3D.h">
      <Filter>Header Files</Filter>
    </ClInclude>
    <ClInclude Include="src\Render\Core\Renderer3D\Detail\ToneMapData.h">
      <Filter>Header Files</Filter>
    </ClInclude>
    <ClInclude Include="src\Render\Core\Renderer3D\Detail\BlendStateCache.h">
      <Filter>Header Files</Filter>
    </ClInclude>
    <ClInclude Include="src\Render\Core\Renderer3D\Detail\ConstantData.h">
      <Filter>Header Files</Filter>
    </ClInclude>
    <ClInclude Include="src\Render\Core\Renderer3D\Detail\GaussianBlur.h">
      <Filter>Header Files</Filter>
    </ClInclude>
    <ClInclude Include="src\Render\Core\Renderer3D\Detail\ShaderFlags.h">
      <Filter>Header Files</Filter>
    </ClInclude>
    <ClInclude Include="src\Render\Core\Renderer3D\Detail\ShaderPairs.h">
      <Filter>Header Files</Filter>
    </ClInclude>
    <ClInclude Include="src\Render\Core\Renderer3D\Detail\SubsurfaceScattering.h">
      <Filter>Header Files</Filter>
    </ClInclude>
    <ClInclude Include="src\Render\Core\Renderer3D\Detail\SunOcclusionData.h">
      <Filter>Header Files</Filter>
    </ClInclude>
    <ClInclude Include="src\Render\Core\Renderer3D\Detail\TextureSamplerCache.h">
      <Filter>Header Files</Filter>
    </ClInclude>
    <ClInclude Include="src\Render\Core\Renderer2D\Detail\SpriteBatchData.h">
      <Filter>Header Files</Filter>
    </ClInclude>
    <ClInclude Include="src\Render\D3D11\Shader\Shader.h">
      <Filter>Header Files</Filter>
    </ClInclude>
    <ClInclude Include="src\Render\D3D11\GraphicsResourceUtil.h">
      <Filter>Header Files</Filter>
    </ClInclude>
    <ClInclude Include="src\Render\Core\Renderer2D\Renderer2D.h">
      <Filter>Header Files</Filter>
    </ClInclude>
    <ClInclude Include="src\Render\Misc\RayIntersection.h">
      <Filter>Header Files</Filter>
    </ClInclude>
    <ClInclude Include="src\Render\D3D11\Shader\Bytecode\ShaderBytecode.h">
      <Filter>Header Files</Filter>
    </ClInclude>
    <ClInclude Include="src\ImGui\Core\imconfig.h">
      <Filter>Header Files</Filter>
    </ClInclude>
    <ClInclude Include="src\ImGui\Core\imgui.h">
      <Filter>Header Files</Filter>
    </ClInclude>
    <ClInclude Include="src\ImGui\Core\imgui_internal.h">
      <Filter>Header Files</Filter>
    </ClInclude>
    <ClInclude Include="src\ImGui\Core\imgui_user.h">
      <Filter>Header Files</Filter>
    </ClInclude>
    <ClInclude Include="src\ImGui\Core\imstb_rectpack.h">
      <Filter>Header Files</Filter>
    </ClInclude>
    <ClInclude Include="src\ImGui\Core\imstb_textedit.h">
      <Filter>Header Files</Filter>
    </ClInclude>
    <ClInclude Include="src\ImGui\Core\imstb_truetype.h">
      <Filter>Header Files</Filter>
    </ClInclude>
    <ClInclude Include="src\ImGui\Extensions\ImGuiExtensions.h">
      <Filter>Header Files</Filter>
    </ClInclude>
    <ClInclude Include="src\ImGui\Extensions\InternalExtensions.h">
      <Filter>Header Files</Filter>
    </ClInclude>
    <ClInclude Include="src\ImGui\Extensions\PropertyEditor.h">
      <Filter>Header Files</Filter>
    </ClInclude>
    <ClInclude Include="src\ImGui\Extensions\TexExtensions.h">
      <Filter>Header Files</Filter>
    </ClInclude>
    <ClInclude Include="src\ImGui\Extensions\Theme.h">
      <Filter>Header Files</Filter>
    </ClInclude>
    <ClInclude Include="src\ImGui\Implementation\ComfyD3D11.h">
      <Filter>Header Files</Filter>
    </ClInclude>
    <ClInclude Include="src\ImGui\Implementation\ComfyWin32.h">
      <Filter>Header Files</Filter>
    </ClInclude>
    <ClInclude Include="src\ImGui\Widgets\ComfyWidgets.h">
      <Filter>Header Files</Filter>
    </ClInclude>
    <ClInclude Include="src\ImGui\Widgets\FileViewer.h">
      <Filter>Header Files</Filter>
    </ClInclude>
    <ClInclude Include="src\ImGui\ComfyTextureID.h">
      <Filter>Header Files</Filter>
    </ClInclude>
    <ClInclude Include="src\ImGui\Gui.h">
      <Filter>Header Files</Filter>
    </ClInclude>
    <ClInclude Include="src\ImGui\GuiRenderer.h">
      <Filter>Header Files</Filter>
    </ClInclude>
    <ClInclude Include="src\Window\ApplicationHost.h">
      <Filter>Header Files</Filter>
    </ClInclude>
    <ClInclude Include="src\System\ComfyData.h">
      <Filter>Header Files</Filter>
    </ClInclude>
    <ClInclude Include="src\System\Profiling\Profiler.h">
      <Filter>Header Files</Filter>
    </ClInclude>
    <ClInclude Include="src\Window\RenderWindow.h">
      <Filter>Header Files</Filter>
    </ClInclude>
    <ClInclude Include="src\Render\Core\Renderer2D\AetRenderer.h">
      <Filter>Header Files</Filter>
    </ClInclude>
    <ClInclude Include="src\Render\Core\Renderer2D\RenderCommand2D.h">
      <Filter>Header Files</Filter>
    </ClInclude>
    <ClInclude Include="src\Render\Core\Renderer2D\RenderTarget2D.h">
      <Filter>Header Files</Filter>
    </ClInclude>
    <ClInclude Include="src\Render\Core\Renderer2D\Detail\RenderTarget2DImpl.h">
      <Filter>Header Files</Filter>
    </ClInclude>
    <ClInclude Include="src\Render\Core\Renderer3D\RenderTarget3D.h">
      <Filter>Header Files</Filter>
    </ClInclude>
    <ClInclude Include="src\Render\Core\Renderer3D\Detail\RenderTarget3DImpl.h">
      <Filter>Header Files</Filter>
    </ClInclude>
    <ClInclude Include="src\Render\Core\Renderer3D\RenderCommand3D.h">
      <Filter>Header Files</Filter>
    </ClInclude>
    <ClInclude Include="src\System\Library\LibraryLoader.h">
      <Filter>Header Files</Filter>
    </ClInclude>
  </ItemGroup>
  <ItemGroup>
    <ClCompile Include="src\Audio\Decoder\Detail\FlacDecoder.cpp">
      <Filter>Source Files</Filter>
    </ClCompile>
    <ClCompile Include="src\Audio\Decoder\Detail\HevagDecoder.cpp">
      <Filter>Source Files</Filter>
    </ClCompile>
    <ClCompile Include="src\Audio\Decoder\Detail\Mp3Decoder.cpp">
      <Filter>Source Files</Filter>
    </ClCompile>
    <ClCompile Include="src\Audio\Decoder\Detail\VorbisDecoder.cpp">
      <Filter>Source Files</Filter>
    </ClCompile>
    <ClCompile Include="src\Audio\Decoder\Detail\WavDecoder.cpp">
      <Filter>Source Files</Filter>
    </ClCompile>
    <ClCompile Include="src\Audio\SampleProvider\MemorySampleProvider.cpp">
      <Filter>Source Files</Filter>
    </ClCompile>
    <ClCompile Include="src\Audio\SampleProvider\SilenceSampleProvider.cpp">
      <Filter>Source Files</Filter>
    </ClCompile>
    <ClCompile Include="src\Audio\Misc\Waveform.cpp">
      <Filter>Source Files</Filter>
    </ClCompile>
    <ClCompile Include="src\Audio\Core\Engine.cpp">
      <Filter>Source Files</Filter>
    </ClCompile>
    <ClCompile Include="src\Audio\Decoder\DecoderFactory.cpp">
      <Filter>Source Files</Filter>
    </ClCompile>
    <ClCompile Include="src\Audio\Core\ChannelMixer.cpp">
      <Filter>Source Files</Filter>
    </ClCompile>
    <ClCompile Include="src\Input\DirectInput\DirectInput.cpp">
      <Filter>Source Files</Filter>
    </ClCompile>
    <ClCompile Include="src\Input\DirectInput\DirectInputDevice.cpp">
      <Filter>Source Files</Filter>
    </ClCompile>
    <ClCompile Include="src\Input\DirectInput\Ds4State.cpp">
      <Filter>Source Files</Filter>
    </ClCompile>
    <ClCompile Include="src\Input\DirectInput\DualShock4.cpp">
      <Filter>Source Files</Filter>
    </ClCompile>
    <ClCompile Include="src\Input\Core\Keyboard.cpp">
      <Filter>Source Files</Filter>
    </ClCompile>
    <ClCompile Include="src\Render\D3D11\Buffer\ConstantBuffer.cpp">
      <Filter>Source Files</Filter>
    </ClCompile>
    <ClCompile Include="src\Render\D3D11\Buffer\IndexBuffer.cpp">
      <Filter>Source Files</Filter>
    </ClCompile>
    <ClCompile Include="src\Render\D3D11\Buffer\VertexBuffer.cpp">
      <Filter>Source Files</Filter>
    </ClCompile>
    <ClCompile Include="src\Render\D3D11\State\BlendState.cpp">
      <Filter>Source Files</Filter>
    </ClCompile>
    <ClCompile Include="src\Render\D3D11\State\DepthStencilState.cpp">
      <Filter>Source Files</Filter>
    </ClCompile>
    <ClCompile Include="src\Render\D3D11\State\InputLayout.cpp">
      <Filter>Source Files</Filter>
    </ClCompile>
    <ClCompile Include="src\Render\D3D11\State\OcclusionQuery.cpp">
      <Filter>Source Files</Filter>
    </ClCompile>
    <ClCompile Include="src\Render\D3D11\State\RasterizerState.cpp">
      <Filter>Source Files</Filter>
    </ClCompile>
    <ClCompile Include="src\Render\D3D11\Texture\DepthBuffer.cpp">
      <Filter>Source Files</Filter>
    </ClCompile>
    <ClCompile Include="src\Render\D3D11\Texture\RenderTarget.cpp">
      <Filter>Source Files</Filter>
    </ClCompile>
    <ClCompile Include="src\Render\D3D11\Texture\Texture.cpp">
      <Filter>Source Files</Filter>
    </ClCompile>
    <ClCompile Include="src\Render\D3D11\Texture\TextureSampler.cpp">
      <Filter>Source Files</Filter>
    </ClCompile>
    <ClCompile Include="src\Render\D3D11\Direct3D.cpp">
      <Filter>Source Files</Filter>
    </ClCompile>
    <ClCompile Include="src\Render\Core\Camera.cpp">
      <Filter>Source Files</Filter>
    </ClCompile>
    <ClCompile Include="src\Render\Core\Renderer3D\Renderer3D.cpp">
      <Filter>Source Files</Filter>
    </ClCompile>
    <ClCompile Include="src\Render\Core\Renderer2D\Detail\SpriteBatchData.cpp">
      <Filter>Source Files</Filter>
    </ClCompile>
    <ClCompile Include="src\Render\D3D11\Shader\Shader.cpp">
      <Filter>Source Files</Filter>
    </ClCompile>
    <ClCompile Include="src\Render\Core\Renderer2D\Renderer2D.cpp">
      <Filter>Source Files</Filter>
    </ClCompile>
    <ClCompile Include="src\Render\D3D11\Shader\Bytecode\ShaderBytecode.cpp">
      <Filter>Source Files</Filter>
    </ClCompile>
    <ClCompile Include="src\ImGui\Core\imgui.cpp">
      <Filter>Source Files</Filter>
    </ClCompile>
    <ClCompile Include="src\ImGui\Core\imgui_demo.cpp">
      <Filter>Source Files</Filter>
    </ClCompile>
    <ClCompile Include="src\ImGui\Core\imgui_draw.cpp">
      <Filter>Source Files</Filter>
    </ClCompile>
    <ClCompile Include="src\ImGui\Core\imgui_widgets.cpp">
      <Filter>Source Files</Filter>
    </ClCompile>
    <ClCompile Include="src\ImGui\Extensions\ImGuiExtensions.cpp">
      <Filter>Source Files</Filter>
    </ClCompile>
    <ClCompile Include="src\ImGui\Extensions\TexExtensions.cpp">
      <Filter>Source Files</Filter>
    </ClCompile>
    <ClCompile Include="src\ImGui\Extensions\Theme.cpp">
      <Filter>Source Files</Filter>
    </ClCompile>
    <ClCompile Include="src\ImGui\Implementation\ComfyD3D11.cpp">
      <Filter>Source Files</Filter>
    </ClCompile>
    <ClCompile Include="src\ImGui\Implementation\ComfyWin32.cpp">
      <Filter>Source Files</Filter>
    </ClCompile>
    <ClCompile Include="src\ImGui\Widgets\ComfyWidgets.cpp">
      <Filter>Source Files</Filter>
    </ClCompile>
    <ClCompile Include="src\ImGui\Widgets\FileViewer.cpp">
      <Filter>Source Files</Filter>
    </ClCompile>
    <ClCompile Include="src\ImGui\ComfyTextureID.cpp">
      <Filter>Source Files</Filter>
    </ClCompile>
    <ClCompile Include="src\ImGui\GuiRenderer.cpp">
      <Filter>Source Files</Filter>
    </ClCompile>
    <ClCompile Include="src\Window\ApplicationHost.cpp">
      <Filter>Source Files</Filter>
    </ClCompile>
    <ClCompile Include="src\System\Profiling\Profiler.cpp">
      <Filter>Source Files</Filter>
    </ClCompile>
    <ClCompile Include="src\Window\RenderWindow.cpp">
      <Filter>Source Files</Filter>
    </ClCompile>
    <ClCompile Include="src\Render\Core\Renderer2D\AetRenderer.cpp">
      <Filter>Source Files</Filter>
    </ClCompile>
    <ClCompile Include="src\System\Library\LibraryLoader.cpp">
      <Filter>Source Files</Filter>
    </ClCompile>
    <ClCompile Include="src\System\ComfyData.cpp">
      <Filter>Source Files</Filter>
    </ClCompile>
  </ItemGroup>
  <ItemGroup>
    <FxCompile Include="src\Render\D3D11\Shader\Source\ImGui\ImGuiCustom_PS.hlsl" />
    <FxCompile Include="src\Render\D3D11\Shader\Source\ImGui\ImGuiDefault_PS.hlsl" />
    <FxCompile Include="src\Render\D3D11\Shader\Source\ImGui\ImGuiDefault_VS.hlsl" />
    <FxCompile Include="src\Render\D3D11\Shader\Source\Renderer3D\LensFlare\LensFlare_PS.hlsl" />
    <FxCompile Include="src\Render\D3D11\Shader\Source\Renderer3D\LensFlare\LensFlare_VS.hlsl" />
    <FxCompile Include="src\Render\D3D11\Shader\Source\Renderer3D\LensFlare\Sun_PS.hlsl" />
    <FxCompile Include="src\Render\D3D11\Shader\Source\Renderer3D\Materials\Chara\ClothAniso_PS.hlsl" />
    <FxCompile Include="src\Render\D3D11\Shader\Source\Renderer3D\Materials\Chara\ClothDefault_PS.hlsl" />
    <FxCompile Include="src\Render\D3D11\Shader\Source\Renderer3D\Materials\Chara\ClothDefault_VS.hlsl" />
    <FxCompile Include="src\Render\D3D11\Shader\Source\Renderer3D\Materials\Chara\EyeBall_PS.hlsl" />
    <FxCompile Include="src\Render\D3D11\Shader\Source\Renderer3D\Materials\Chara\EyeBall_VS.hlsl" />
    <FxCompile Include="src\Render\D3D11\Shader\Source\Renderer3D\Materials\Chara\EyeLens_PS.hlsl" />
    <FxCompile Include="src\Render\D3D11\Shader\Source\Renderer3D\Materials\Chara\EyeLens_VS.hlsl" />
    <FxCompile Include="src\Render\D3D11\Shader\Source\Renderer3D\Materials\Chara\GlassEye_PS.hlsl" />
    <FxCompile Include="src\Render\D3D11\Shader\Source\Renderer3D\Materials\Chara\GlassEye_VS.hlsl" />
    <FxCompile Include="src\Render\D3D11\Shader\Source\Renderer3D\Materials\Chara\HairAniso_PS.hlsl" />
    <FxCompile Include="src\Render\D3D11\Shader\Source\Renderer3D\Materials\Chara\HairDefault_PS.hlsl" />
    <FxCompile Include="src\Render\D3D11\Shader\Source\Renderer3D\Materials\Chara\HairDefault_VS.hlsl" />
    <FxCompile Include="src\Render\D3D11\Shader\Source\Renderer3D\Materials\Chara\ItemBlinn_PS.hlsl" />
    <FxCompile Include="src\Render\D3D11\Shader\Source\Renderer3D\Materials\Chara\ItemBlinn_VS.hlsl" />
    <FxCompile Include="src\Render\D3D11\Shader\Source\Renderer3D\Materials\Chara\SkinDefault_PS.hlsl" />
    <FxCompile Include="src\Render\D3D11\Shader\Source\Renderer3D\Materials\Chara\SkinDefault_VS.hlsl" />
    <FxCompile Include="src\Render\D3D11\Shader\Source\Renderer3D\Materials\Chara\SSSSkin_PS.hlsl" />
    <FxCompile Include="src\Render\D3D11\Shader\Source\Renderer3D\Materials\Chara\SSSSkin_VS.hlsl" />
    <FxCompile Include="src\Render\D3D11\Shader\Source\Renderer3D\Materials\Chara\SSSSkinConst_PS.hlsl" />
    <FxCompile Include="src\Render\D3D11\Shader\Source\Renderer3D\Materials\Chara\Tights_PS.hlsl" />
    <FxCompile Include="src\Render\D3D11\Shader\Source\Renderer3D\Materials\Chara\Tights_VS.hlsl" />
    <FxCompile Include="src\Render\D3D11\Shader\Source\Renderer3D\Materials\Stage\BlinnPerFrag_PS.hlsl" />
    <FxCompile Include="src\Render\D3D11\Shader\Source\Renderer3D\Materials\Stage\BlinnPerFrag_VS.hlsl" />
    <FxCompile Include="src\Render\D3D11\Shader\Source\Renderer3D\Materials\Stage\BlinnPerVert_PS.hlsl" />
    <FxCompile Include="src\Render\D3D11\Shader\Source\Renderer3D\Materials\Stage\BlinnPerVert_VS.hlsl" />
    <FxCompile Include="src\Render\D3D11\Shader\Source\Renderer3D\Materials\Stage\Constant_PS.hlsl" />
    <FxCompile Include="src\Render\D3D11\Shader\Source\Renderer3D\Materials\Stage\Constant_VS.hlsl" />
    <FxCompile Include="src\Render\D3D11\Shader\Source\Renderer3D\Materials\Stage\Floor_PS.hlsl" />
    <FxCompile Include="src\Render\D3D11\Shader\Source\Renderer3D\Materials\Stage\Floor_VS.hlsl" />
    <FxCompile Include="src\Render\D3D11\Shader\Source\Renderer3D\Materials\Stage\Lambert_PS.hlsl" />
    <FxCompile Include="src\Render\D3D11\Shader\Source\Renderer3D\Materials\Stage\Lambert_VS.hlsl" />
    <FxCompile Include="src\Render\D3D11\Shader\Source\Renderer3D\Materials\Stage\SkyDefault_PS.hlsl" />
    <FxCompile Include="src\Render\D3D11\Shader\Source\Renderer3D\Materials\Stage\SkyDefault_VS.hlsl" />
    <FxCompile Include="src\Render\D3D11\Shader\Source\Renderer3D\Materials\Stage\StageBlinn_PS.hlsl" />
    <FxCompile Include="src\Render\D3D11\Shader\Source\Renderer3D\Materials\Stage\StageBlinn_VS.hlsl" />
    <FxCompile Include="src\Render\D3D11\Shader\Source\Renderer3D\Materials\Stage\Water_PS.hlsl" />
    <FxCompile Include="src\Render\D3D11\Shader\Source\Renderer3D\Materials\Stage\Water_VS.hlsl" />
    <FxCompile Include="src\Render\D3D11\Shader\Source\Renderer3D\Other\DebugMaterial_PS.hlsl" />
    <FxCompile Include="src\Render\D3D11\Shader\Source\Renderer3D\Other\DebugMaterial_VS.hlsl" />
    <FxCompile Include="src\Render\D3D11\Shader\Source\Renderer3D\Other\PositionTransform_VS.hlsl" />
    <FxCompile Include="src\Render\D3D11\Shader\Source\Renderer3D\Other\Silhouette_PS.hlsl" />
    <FxCompile Include="src\Render\D3D11\Shader\Source\Renderer3D\Other\Silhouette_VS.hlsl" />
    <FxCompile Include="src\Render\D3D11\Shader\Source\Renderer3D\Other\SolidBlack_PS.hlsl" />
    <FxCompile Include="src\Render\D3D11\Shader\Source\Renderer3D\Other\SolidWhite_PS.hlsl" />
    <FxCompile Include="src\Render\D3D11\Shader\Source\Renderer3D\PostProcessing\Bloom\PPGauss_PS.hlsl" />
    <FxCompile Include="src\Render\D3D11\Shader\Source\Renderer3D\PostProcessing\Bloom\ReduceTex_PS.hlsl" />
    <FxCompile Include="src\Render\D3D11\Shader\Source\Renderer3D\PostProcessing\Exposure\ExposureAverage_PS.hlsl" />
    <FxCompile Include="src\Render\D3D11\Shader\Source\Renderer3D\PostProcessing\Exposure\ExposureMeasure_PS.hlsl" />
    <FxCompile Include="src\Render\D3D11\Shader\Source\Renderer3D\PostProcessing\Exposure\ExposureMinify_PS.hlsl" />
    <FxCompile Include="src\Render\D3D11\Shader\Source\Renderer3D\PostProcessing\Other\FullscreenQuad_VS.hlsl" />
    <FxCompile Include="src\Render\D3D11\Shader\Source\Renderer3D\PostProcessing\Other\SilhouetteOutline_PS.hlsl" />
    <FxCompile Include="src\Render\D3D11\Shader\Source\Renderer3D\PostProcessing\Shadow\DepthThreshold_PS.hlsl" />
    <FxCompile Include="src\Render\D3D11\Shader\Source\Renderer3D\PostProcessing\Shadow\ESMFilterErosion_PS.hlsl" />
    <FxCompile Include="src\Render\D3D11\Shader\Source\Renderer3D\PostProcessing\Shadow\ESMFilterMin_PS.hlsl" />
    <FxCompile Include="src\Render\D3D11\Shader\Source\Renderer3D\PostProcessing\Shadow\ESMGauss_PS.hlsl" />
    <FxCompile Include="src\Render\D3D11\Shader\Source\Renderer3D\PostProcessing\Shadow\ImgFilter_PS.hlsl" />
    <FxCompile Include="src\Render\D3D11\Shader\Source\Renderer3D\PostProcessing\Shadow\ImgFilterBlur_PS.hlsl" />
    <FxCompile Include="src\Render\D3D11\Shader\Source\Renderer3D\PostProcessing\SSS\SSSFilterCopy_PS.hlsl" />
    <FxCompile Include="src\Render\D3D11\Shader\Source\Renderer3D\PostProcessing\SSS\SSSFilterGauss2D_PS.hlsl" />
    <FxCompile Include="src\Render\D3D11\Shader\Source\Renderer3D\PostProcessing\SSS\SSSFilterMin_PS.hlsl" />
    <FxCompile Include="src\Render\D3D11\Shader\Source\Renderer3D\PostProcessing\ToneMap\ToneMap_PS.hlsl" />
    <FxCompile Include="src\Render\D3D11\Shader\Source\Renderer2D\Multi\SpriteMultiTexture_VS.hlsl" />
    <FxCompile Include="src\Render\D3D11\Shader\Source\Renderer2D\Single\SpriteSingleTexture_VS.hlsl" />
    <FxCompile Include="src\Render\D3D11\Shader\Source\Renderer2D\Single\SpriteSingleTextureCheckerboard_PS.hlsl" />
    <FxCompile Include="src\Render\D3D11\Shader\Source\Renderer2D\Single\SpriteSingleTextureFont_PS.hlsl" />
    <FxCompile Include="src\Render\D3D11\Shader\Source\Renderer2D\Single\SpriteSingleTextureMask_PS.hlsl" />
    <FxCompile Include="src\Render\D3D11\Shader\Source\Renderer2D\Single\SpriteSingleTextureMaskBlend_PS.hlsl" />
    <FxCompile Include="src\Render\D3D11\Shader\Source\Renderer2D\Multi\SpriteMultiTextureBatch_01_PS.hlsl" />
    <FxCompile Include="src\Render\D3D11\Shader\Source\Renderer2D\Multi\SpriteMultiTextureBatchBlend_08_PS.hlsl" />
    <FxCompile Include="src\Render\D3D11\Shader\Source\Renderer2D\Multi\SpriteMultiTextureBatch_08_PS.hlsl" />
    <FxCompile Include="src\Render\D3D11\Shader\Source\Renderer2D\Multi\SpriteMultiTextureBatch_02_PS.hlsl" />
    <FxCompile Include="src\Render\D3D11\Shader\Source\Renderer2D\Multi\SpriteMultiTextureBatch_03_PS.hlsl" />
    <FxCompile Include="src\Render\D3D11\Shader\Source\Renderer2D\Multi\SpriteMultiTextureBatch_04_PS.hlsl" />
    <FxCompile Include="src\Render\D3D11\Shader\Source\Renderer2D\Multi\SpriteMultiTextureBatch_05_PS.hlsl" />
    <FxCompile Include="src\Render\D3D11\Shader\Source\Renderer2D\Multi\SpriteMultiTextureBatch_06_PS.hlsl" />
    <FxCompile Include="src\Render\D3D11\Shader\Source\Renderer2D\Multi\SpriteMultiTextureBatch_07_PS.hlsl" />
    <FxCompile Include="src\Render\D3D11\Shader\Source\Renderer2D\Uber\SpriteMultiTexture_Uber.hlsl" />
    <FxCompile Include="src\Render\D3D11\Shader\Source\Renderer2D\Uber\SpriteSingleTexture_Uber.hlsl" />
  </ItemGroup>
</Project>