
Microsoft Visual Studio Solution File, Format Version 12.00
# Visual Studio 15
VisualStudioVersion = 15.0.28307.572
MinimumVisualStudioVersion = 10.0.40219.1
Project("{8BC9CEB8-8B4A-11D0-8D11-00A0C91BC942}") = "Sandbox", "Sandbox\Sandbox.vcxproj", "{7225CA33-8C76-4169-B50E-537DE61175F2}"
EndProject
Project("{8BC9CEB8-8B4A-11D0-8D11-00A0C91BC942}") = "AudioTest", "AudioTest\AudioTest.vcxproj", "{26747843-7ED6-4DA5-94DF-BCF19FA82BBB}"
EndProject
Project("{8BC9CEB8-8B4A-11D0-8D11-00A0C91BC942}") = "rtaudio", "..\rtaudio-master\build-files\rtaudio.vcxproj", "{C5D4D89F-06FB-397B-8245-4D4F08B5931D}"
EndProject
Global
	GlobalSection(SolutionConfigurationPlatforms) = preSolution
		Debug|x64 = Debug|x64
		Release|x64 = Release|x64
	EndGlobalSection
	GlobalSection(ProjectConfigurationPlatforms) = postSolution
		{7225CA33-8C76-4169-B50E-537DE61175F2}.Debug|x64.ActiveCfg = Debug|x64
		{7225CA33-8C76-4169-B50E-537DE61175F2}.Debug|x64.Build.0 = Debug|x64
		{7225CA33-8C76-4169-B50E-537DE61175F2}.Release|x64.ActiveCfg = Release|x64
		{7225CA33-8C76-4169-B50E-537DE61175F2}.Release|x64.Build.0 = Release|x64
		{26747843-7ED6-4DA5-94DF-BCF19FA82BBB}.Debug|x64.ActiveCfg = Debug|x64
		{26747843-7ED6-4DA5-94DF-BCF19FA82BBB}.Release|x64.ActiveCfg = Debug|x64
		{C5D4D89F-06FB-397B-8245-4D4F08B5931D}.Debug|x64.ActiveCfg = Debug|x64
		{C5D4D89F-06FB-397B-8245-4D4F08B5931D}.Release|x64.ActiveCfg = Debug|x64
	EndGlobalSection
	GlobalSection(SolutionProperties) = preSolution
		HideSolutionNode = FALSE
	EndGlobalSection
	GlobalSection(ExtensibilityGlobals) = postSolution
		SolutionGuid = {FFA01E7C-932B-47BA-90FC-DB04C53BE51F}
	EndGlobalSection
EndGlobal
