
Microsoft Visual Studio Solution File, Format Version 12.00
# Visual Studio 15
VisualStudioVersion = 15.0.28307.572
MinimumVisualStudioVersion = 10.0.40219.1
Project("{8BC9CEB8-8B4A-11D0-8D11-00A0C91BC942}") = "ComfyStudio", "ComfyStudio\ComfyStudio.vcxproj", "{7225CA33-8C76-4169-B50E-537DE61175F2}"
EndProject
Project("{8BC9CEB8-8B4A-11D0-8D11-00A0C91BC942}") = "ComfyVersion", "ComfyVersion\ComfyVersion.vcxproj", "{D85741DA-AF9C-41A3-A1A1-AB66860CF465}"
EndProject
Project("{8BC9CEB8-8B4A-11D0-8D11-00A0C91BC942}") = "ComfyData", "ComfyData\ComfyData.vcxitems", "{F9C19FAC-67A8-400C-AAD8-F5BE3767974C}"
EndProject
Project("{8BC9CEB8-8B4A-11D0-8D11-00A0C91BC942}") = "ComfyDataBuild", "ComfyDataBuild\ComfyDataBuild.vcxproj", "{F0C8897F-0E30-4D4C-906D-DBEC75B77FC7}"
EndProject
Project("{8BC9CEB8-8B4A-11D0-8D11-00A0C91BC942}") = "ComfyLib", "ComfyLib\ComfyLib.vcxproj", "{48BDF554-973B-4B4C-8DA6-BBAB03216CBA}"
	ProjectSection(ProjectDependencies) = postProject
		{86AA0493-F0AB-4D08-922C-98205271AC58} = {86AA0493-F0AB-4D08-922C-98205271AC58}
	EndProjectSection
EndProject
Project("{2150E333-8FDC-42A3-9474-1A3956D46DE8}") = "Dependencies", "Dependencies", "{5BFD0E19-85BC-4152-8040-DF48D951056B}"
EndProject
Project("{8BC9CEB8-8B4A-11D0-8D11-00A0C91BC942}") = "zlib", "Dependencies\zlib\zlib.vcxproj", "{86AA0493-F0AB-4D08-922C-98205271AC58}"
EndProject
Project("{8BC9CEB8-8B4A-11D0-8D11-00A0C91BC942}") = "rtaudio", "Dependencies\rtaudio\rtaudio.vcxproj", "{2EF29EEA-28DC-4FDD-84CF-317F07A3B8EB}"
EndProject
Project("{2150E333-8FDC-42A3-9474-1A3956D46DE8}") = "Version", "Version", "{CEC613CB-1855-426D-A55C-1E621789FD92}"
EndProject
Project("{2150E333-8FDC-42A3-9474-1A3956D46DE8}") = "Data", "Data", "{8846421F-3682-4021-AE6F-4AAD27ABB275}"
EndProject
Global
	GlobalSection(SolutionConfigurationPlatforms) = preSolution
		Debug|x64 = Debug|x64
		Release|x64 = Release|x64
	EndGlobalSection
	GlobalSection(ProjectConfigurationPlatforms) = postSolution
		{7225CA33-8C76-4169-B50E-537DE61175F2}.Debug|x64.ActiveCfg = Debug|x64
		{7225CA33-8C76-4169-B50E-537DE61175F2}.Debug|x64.Build.0 = Debug|x64
		{7225CA33-8C76-4169-B50E-537DE61175F2}.Release|x64.ActiveCfg = Release|x64
		{7225CA33-8C76-4169-B50E-537DE61175F2}.Release|x64.Build.0 = Release|x64
		{D85741DA-AF9C-41A3-A1A1-AB66860CF465}.Debug|x64.ActiveCfg = Debug|x64
		{D85741DA-AF9C-41A3-A1A1-AB66860CF465}.Release|x64.ActiveCfg = Release|x64
		{F0C8897F-0E30-4D4C-906D-DBEC75B77FC7}.Debug|x64.ActiveCfg = Debug|x64
		{F0C8897F-0E30-4D4C-906D-DBEC75B77FC7}.Release|x64.ActiveCfg = Release|x64
		{48BDF554-973B-4B4C-8DA6-BBAB03216CBA}.Debug|x64.ActiveCfg = Debug|x64
		{48BDF554-973B-4B4C-8DA6-BBAB03216CBA}.Debug|x64.Build.0 = Debug|x64
		{48BDF554-973B-4B4C-8DA6-BBAB03216CBA}.Release|x64.ActiveCfg = Release|x64
		{48BDF554-973B-4B4C-8DA6-BBAB03216CBA}.Release|x64.Build.0 = Release|x64
		{86AA0493-F0AB-4D08-922C-98205271AC58}.Debug|x64.ActiveCfg = Debug|x64
		{86AA0493-F0AB-4D08-922C-98205271AC58}.Debug|x64.Build.0 = Debug|x64
		{86AA0493-F0AB-4D08-922C-98205271AC58}.Release|x64.ActiveCfg = Release|x64
		{86AA0493-F0AB-4D08-922C-98205271AC58}.Release|x64.Build.0 = Release|x64
		{2EF29EEA-28DC-4FDD-84CF-317F07A3B8EB}.Debug|x64.ActiveCfg = Debug|x64
		{2EF29EEA-28DC-4FDD-84CF-317F07A3B8EB}.Debug|x64.Build.0 = Debug|x64
		{2EF29EEA-28DC-4FDD-84CF-317F07A3B8EB}.Release|x64.ActiveCfg = Release|x64
		{2EF29EEA-28DC-4FDD-84CF-317F07A3B8EB}.Release|x64.Build.0 = Release|x64
	EndGlobalSection
	GlobalSection(SolutionProperties) = preSolution
		HideSolutionNode = FALSE
	EndGlobalSection
	GlobalSection(NestedProjects) = preSolution
		{D85741DA-AF9C-41A3-A1A1-AB66860CF465} = {CEC613CB-1855-426D-A55C-1E621789FD92}
		{F9C19FAC-67A8-400C-AAD8-F5BE3767974C} = {8846421F-3682-4021-AE6F-4AAD27ABB275}
		{F0C8897F-0E30-4D4C-906D-DBEC75B77FC7} = {8846421F-3682-4021-AE6F-4AAD27ABB275}
		{86AA0493-F0AB-4D08-922C-98205271AC58} = {5BFD0E19-85BC-4152-8040-DF48D951056B}
		{2EF29EEA-28DC-4FDD-84CF-317F07A3B8EB} = {5BFD0E19-85BC-4152-8040-DF48D951056B}
	EndGlobalSection
	GlobalSection(ExtensibilityGlobals) = postSolution
		SolutionGuid = {FFA01E7C-932B-47BA-90FC-DB04C53BE51F}
	EndGlobalSection
EndGlobal
