
Microsoft Visual Studio Solution File, Format Version 12.00
# Visual Studio 15
VisualStudioVersion = 15.0.28307.572
MinimumVisualStudioVersion = 10.0.40219.1
Project("{8BC9CEB8-8B4A-11D0-8D11-00A0C91BC942}") = "ComfyStudio", "ComfyStudio\ComfyStudio.vcxproj", "{7225CA33-8C76-4169-B50E-537DE61175F2}"
EndProject
Project("{8BC9CEB8-8B4A-11D0-8D11-00A0C91BC942}") = "ComfyVersion", "ComfyVersion\ComfyVersion.vcxproj", "{D85741DA-AF9C-41A3-A1A1-AB66860CF465}"
EndProject
Project("{8BC9CEB8-8B4A-11D0-8D11-00A0C91BC942}") = "ComfyFileSystem", "ComfyFileSystem\ComfyFileSystem.vcxitems", "{5CA21F77-37EA-47CA-B13D-650FAE2ECBDE}"
EndProject
Global
	GlobalSection(SharedMSBuildProjectFiles) = preSolution
		ComfyFileSystem\ComfyFileSystem.vcxitems*{5ca21f77-37ea-47ca-b13d-650fae2ecbde}*SharedItemsImports = 9
		ComfyFileSystem\ComfyFileSystem.vcxitems*{7225ca33-8c76-4169-b50e-537de61175f2}*SharedItemsImports = 4
	EndGlobalSection
	GlobalSection(SolutionConfigurationPlatforms) = preSolution
		Debug|x64 = Debug|x64
		Release|x64 = Release|x64
	EndGlobalSection
	GlobalSection(ProjectConfigurationPlatforms) = postSolution
		{7225CA33-8C76-4169-B50E-537DE61175F2}.Debug|x64.ActiveCfg = Debug|x64
		{7225CA33-8C76-4169-B50E-537DE61175F2}.Debug|x64.Build.0 = Debug|x64
		{7225CA33-8C76-4169-B50E-537DE61175F2}.Release|x64.ActiveCfg = Release|x64
		{7225CA33-8C76-4169-B50E-537DE61175F2}.Release|x64.Build.0 = Release|x64
		{D85741DA-AF9C-41A3-A1A1-AB66860CF465}.Debug|x64.ActiveCfg = Debug|x64
		{D85741DA-AF9C-41A3-A1A1-AB66860CF465}.Release|x64.ActiveCfg = Release|x64
	EndGlobalSection
	GlobalSection(SolutionProperties) = preSolution
		HideSolutionNode = FALSE
	EndGlobalSection
	GlobalSection(ExtensibilityGlobals) = postSolution
		SolutionGuid = {FFA01E7C-932B-47BA-90FC-DB04C53BE51F}
	EndGlobalSection
EndGlobal
