<?xml version="1.0" encoding="utf-8"?>
<Project ToolsVersion="4.0" xmlns="http://schemas.microsoft.com/developer/msbuild/2003">
  <ItemGroup>
    <Filter Include="Source Files">
      <UniqueIdentifier>{4FC737F1-C7A5-4376-A066-2A32D752A2FF}</UniqueIdentifier>
      <Extensions>cpp;c;cc;cxx;def;odl;idl;hpj;bat;asm;asmx</Extensions>
    </Filter>
    <Filter Include="Header Files">
      <UniqueIdentifier>{93995380-89BD-4b04-88EB-625FBE52EBFB}</UniqueIdentifier>
      <Extensions>h;hh;hpp;hxx;hm;inl;inc;ipp;xsd</Extensions>
    </Filter>
    <Filter Include="Resource Files">
      <UniqueIdentifier>{67DA6AB6-F800-4c08-8B7A-83BB121AAD01}</UniqueIdentifier>
      <Extensions>rc;ico;cur;bmp;dlg;rc2;rct;bin;rgs;gif;jpg;jpeg;jpe;resx;tiff;tif;png;wav;mfcribbon-ms</Extensions>
    </Filter>
  </ItemGroup>
  <ItemGroup>
    <ClCompile Include="src\DataTest\AudioTestWindow.cpp">
      <Filter>Source Files</Filter>
    </ClCompile>
    <ClCompile Include="src\Input\DirectInput\DirectInput.cpp">
      <Filter>Source Files</Filter>
    </ClCompile>
    <ClCompile Include="src\Input\DirectInput\DirectInputDevice.cpp">
      <Filter>Source Files</Filter>
    </ClCompile>
    <ClCompile Include="src\Input\DirectInput\Ds4State.cpp">
      <Filter>Source Files</Filter>
    </ClCompile>
    <ClCompile Include="src\Input\DirectInput\DualShock4.cpp">
      <Filter>Source Files</Filter>
    </ClCompile>
    <ClCompile Include="src\DataTest\InputTestWindow.cpp">
      <Filter>Source Files</Filter>
    </ClCompile>
    <ClCompile Include="src\Audio\Waveform.cpp">
      <Filter>Source Files</Filter>
    </ClCompile>
    <ClCompile Include="src\Graphics\Camera.cpp">
      <Filter>Source Files</Filter>
    </ClCompile>
    <ClCompile Include="src\ImGui\Widgets\FileViewer.cpp">
      <Filter>Source Files</Filter>
    </ClCompile>
    <ClCompile Include="src\License\LicenseWindow.cpp">
      <Filter>Source Files</Filter>
    </ClCompile>
    <ClCompile Include="src\DataTest\IconTestWindow.cpp">
      <Filter>Source Files</Filter>
    </ClCompile>
    <ClCompile Include="src\System\LibraryLoader.cpp">
      <Filter>Source Files</Filter>
    </ClCompile>
    <ClCompile Include="src\Core\TimeSpan.cpp">
      <Filter>Source Files</Filter>
    </ClCompile>
    <ClCompile Include="src\Core\BaseWindow.cpp">
      <Filter>Source Files</Filter>
    </ClCompile>
    <ClCompile Include="src\Core\Application.cpp">
      <Filter>Source Files</Filter>
    </ClCompile>
    <ClCompile Include="src\ImGui\Widgets\ComfyWidgets.cpp">
      <Filter>Source Files</Filter>
    </ClCompile>
    <ClCompile Include="src\ImGui\Extensions\Theme.cpp">
      <Filter>Source Files</Filter>
    </ClCompile>
    <ClCompile Include="src\ImGui\Core\imgui_draw.cpp">
      <Filter>Source Files</Filter>
    </ClCompile>
    <ClCompile Include="src\ImGui\Core\imgui_widgets.cpp">
      <Filter>Source Files</Filter>
    </ClCompile>
    <ClCompile Include="src\ImGui\Core\imgui_demo.cpp">
      <Filter>Source Files</Filter>
    </ClCompile>
    <ClCompile Include="src\ImGui\Core\imgui.cpp">
      <Filter>Source Files</Filter>
    </ClCompile>
    <ClCompile Include="src\Audio\Core\AudioEngine.cpp">
      <Filter>Source Files</Filter>
    </ClCompile>
    <ClCompile Include="src\Audio\Core\AudioInstance.cpp">
      <Filter>Source Files</Filter>
    </ClCompile>
    <ClCompile Include="src\Audio\SampleProvider\MemorySampleProvider.cpp">
      <Filter>Source Files</Filter>
    </ClCompile>
    <ClCompile Include="src\Audio\Decoder\AudioDecoderFactory.cpp">
      <Filter>Source Files</Filter>
    </ClCompile>
    <ClCompile Include="src\Audio\Decoder\Detail\FlacDecoder.cpp">
      <Filter>Source Files</Filter>
    </ClCompile>
    <ClCompile Include="src\Audio\Decoder\Detail\HevagDecoder.cpp">
      <Filter>Source Files</Filter>
    </ClCompile>
    <ClCompile Include="src\Audio\Decoder\Detail\Mp3Decoder.cpp">
      <Filter>Source Files</Filter>
    </ClCompile>
    <ClCompile Include="src\Audio\Decoder\Detail\VorbisDecoder.cpp">
      <Filter>Source Files</Filter>
    </ClCompile>
    <ClCompile Include="src\Audio\Decoder\Detail\WavDecoder.cpp">
      <Filter>Source Files</Filter>
    </ClCompile>
    <ClCompile Include="src\Audio\SampleProvider\SilenceSampleProvider.cpp">
      <Filter>Source Files</Filter>
    </ClCompile>
    <ClCompile Include="src\Audio\Core\Detail\ChannelMixer.cpp">
      <Filter>Source Files</Filter>
    </ClCompile>
    <ClCompile Include="src\Audio\Core\Detail\Resampler.cpp">
      <Filter>Source Files</Filter>
    </ClCompile>
    <ClCompile Include="src\System\CommandLine\CommandLine.cpp">
      <Filter>Source Files</Filter>
    </ClCompile>
    <ClCompile Include="src\System\CommandLine\CommandLineOption.cpp">
      <Filter>Source Files</Filter>
    </ClCompile>
    <ClCompile Include="lib\rtaudio\src\RtAudio.cpp">
      <Filter>Source Files</Filter>
    </ClCompile>
    <ClCompile Include="lib\rtaudio\src\asio.cpp">
      <Filter>Source Files</Filter>
    </ClCompile>
    <ClCompile Include="lib\rtaudio\src\asiodrivers.cpp">
      <Filter>Source Files</Filter>
    </ClCompile>
    <ClCompile Include="lib\rtaudio\src\asiolist.cpp">
      <Filter>Source Files</Filter>
    </ClCompile>
    <ClCompile Include="lib\rtaudio\src\iasiothiscallresolver.cpp">
      <Filter>Source Files</Filter>
    </ClCompile>
    <ClCompile Include="src\Input\KeyCode.cpp">
      <Filter>Source Files</Filter>
    </ClCompile>
    <ClCompile Include="src\System\Profiling\Profiler.cpp">
      <Filter>Source Files</Filter>
    </ClCompile>
    <ClCompile Include="src\EntryPoint.cpp">
      <Filter>Source Files</Filter>
    </ClCompile>
    <ClCompile Include="src\Input\Keyboard.cpp">
      <Filter>Source Files</Filter>
    </ClCompile>
    <ClCompile Include="src\Core\ApplicationHost.cpp">
      <Filter>Source Files</Filter>
    </ClCompile>
    <ClCompile Include="src\ImGui\GuiRenderer.cpp">
      <Filter>Source Files</Filter>
    </ClCompile>
    <ClCompile Include="src\Graphics\TxpSet.cpp">
      <Filter>Source Files</Filter>
    </ClCompile>
    <ClCompile Include="lib\dr_libs\src\dr_flac.cpp">
      <Filter>Source Files</Filter>
    </ClCompile>
    <ClCompile Include="lib\dr_libs\src\dr_mp3.cpp">
      <Filter>Source Files</Filter>
    </ClCompile>
    <ClCompile Include="lib\dr_libs\src\dr_wav.cpp">
      <Filter>Source Files</Filter>
    </ClCompile>
    <ClCompile Include="src\Editor\Core\IEditorComponent.cpp">
      <Filter>Source Files</Filter>
    </ClCompile>
    <ClCompile Include="src\Editor\Core\RenderWindowBase.cpp">
      <Filter>Source Files</Filter>
    </ClCompile>
    <ClCompile Include="src\Graphics\Auth2D\AetMgr.cpp">
      <Filter>Source Files</Filter>
    </ClCompile>
    <ClCompile Include="src\Graphics\Auth2D\AetSet.cpp">
      <Filter>Source Files</Filter>
    </ClCompile>
    <ClCompile Include="src\Graphics\Auth2D\AetSetFile.cpp">
      <Filter>Source Files</Filter>
    </ClCompile>
    <ClCompile Include="src\Graphics\Auth2D\AetRenderer.cpp">
      <Filter>Source Files</Filter>
    </ClCompile>
    <ClCompile Include="src\Editor\Aet\Command\AetCommand.cpp">
      <Filter>Source Files</Filter>
    </ClCompile>
    <ClCompile Include="src\Editor\Aet\Command\AetHistoryWindow.cpp">
      <Filter>Source Files</Filter>
    </ClCompile>
    <ClCompile Include="src\Editor\Aet\Command\Commands.cpp">
      <Filter>Source Files</Filter>
    </ClCompile>
    <ClCompile Include="src\Editor\Aet\Core\AetInspector.cpp">
      <Filter>Source Files</Filter>
    </ClCompile>
    <ClCompile Include="src\Editor\Aet\Core\AetTreeView.cpp">
      <Filter>Source Files</Filter>
    </ClCompile>
    <ClCompile Include="src\Editor\Aet\RenderWindow\Tools\AetTool.cpp">
      <Filter>Source Files</Filter>
    </ClCompile>
    <ClCompile Include="src\Editor\Aet\RenderWindow\Tools\HandTool.cpp">
      <Filter>Source Files</Filter>
    </ClCompile>
    <ClCompile Include="src\Editor\Aet\RenderWindow\Tools\MoveTool.cpp">
      <Filter>Source Files</Filter>
    </ClCompile>
    <ClCompile Include="src\Editor\Aet\RenderWindow\Tools\RotateTool.cpp">
      <Filter>Source Files</Filter>
    </ClCompile>
    <ClCompile Include="src\Editor\Aet\RenderWindow\Tools\ScaleTool.cpp">
      <Filter>Source Files</Filter>
    </ClCompile>
    <ClCompile Include="src\Editor\Aet\RenderWindow\Tools\TransformBox.cpp">
      <Filter>Source Files</Filter>
    </ClCompile>
    <ClCompile Include="src\Editor\Aet\RenderWindow\Tools\TransformTool.cpp">
      <Filter>Source Files</Filter>
    </ClCompile>
    <ClCompile Include="src\Editor\Aet\RenderWindow\AetRenderWindow.cpp">
      <Filter>Source Files</Filter>
    </ClCompile>
    <ClCompile Include="src\Editor\Aet\RenderWindow\ObjectMousePicker.cpp">
      <Filter>Source Files</Filter>
    </ClCompile>
    <ClCompile Include="src\Editor\Aet\Timeline\AetTimeline.cpp">
      <Filter>Source Files</Filter>
    </ClCompile>
    <ClCompile Include="src\Editor\Aet\Timeline\AetTimelineController.cpp">
      <Filter>Source Files</Filter>
    </ClCompile>
    <ClCompile Include="src\Editor\Aet\Timeline\KeyFrameRenderer.cpp">
      <Filter>Source Files</Filter>
    </ClCompile>
    <ClCompile Include="src\Editor\Aet\AetEditor.cpp">
      <Filter>Source Files</Filter>
    </ClCompile>
    <ClCompile Include="src\Editor\Aet\AetIcons.cpp">
      <Filter>Source Files</Filter>
    </ClCompile>
    <ClCompile Include="src\Editor\Aet\IMutatingEditorComponent.cpp">
      <Filter>Source Files</Filter>
    </ClCompile>
    <ClCompile Include="src\Editor\Chart\Timeline\TargetTimeline.cpp">
      <Filter>Source Files</Filter>
    </ClCompile>
    <ClCompile Include="src\Editor\Chart\Timeline\TimelineMap.cpp">
      <Filter>Source Files</Filter>
    </ClCompile>
    <ClCompile Include="src\Editor\Chart\Chart.cpp">
      <Filter>Source Files</Filter>
    </ClCompile>
    <ClCompile Include="src\Editor\Chart\ChartEditor.cpp">
      <Filter>Source Files</Filter>
    </ClCompile>
    <ClCompile Include="src\Editor\Chart\SyncWindow.cpp">
      <Filter>Source Files</Filter>
    </ClCompile>
    <ClCompile Include="src\Editor\Chart\TargetList.cpp">
      <Filter>Source Files</Filter>
    </ClCompile>
    <ClCompile Include="src\Editor\Chart\TargetRenderWindow.cpp">
      <Filter>Source Files</Filter>
    </ClCompile>
    <ClCompile Include="src\Editor\Chart\TempoChange.cpp">
      <Filter>Source Files</Filter>
    </ClCompile>
    <ClCompile Include="src\Editor\Chart\TempoMap.cpp">
      <Filter>Source Files</Filter>
    </ClCompile>
    <ClCompile Include="src\Editor\Common\AudioController.cpp">
      <Filter>Source Files</Filter>
    </ClCompile>
    <ClCompile Include="src\Editor\Common\CameraController2D.cpp">
      <Filter>Source Files</Filter>
    </ClCompile>
    <ClCompile Include="src\Editor\Common\CheckerboardGrid.cpp">
      <Filter>Source Files</Filter>
    </ClCompile>
    <ClCompile Include="src\Editor\Timeline\FrameTimeline.cpp">
      <Filter>Source Files</Filter>
    </ClCompile>
    <ClCompile Include="src\Editor\Timeline\TimelineBase.cpp">
      <Filter>Source Files</Filter>
    </ClCompile>
    <ClCompile Include="src\Editor\Timeline\TimelineScrollbar.cpp">
      <Filter>Source Files</Filter>
    </ClCompile>
    <ClCompile Include="src\Graphics\Auth3D\ObjSet.cpp">
      <Filter>Source Files</Filter>
    </ClCompile>
    <ClCompile Include="src\Graphics\Auth3D\ObjSetFile.cpp">
      <Filter>Source Files</Filter>
    </ClCompile>
    <ClCompile Include="src\App\Engine.cpp">
      <Filter>Source Files</Filter>
    </ClCompile>
    <ClCompile Include="src\App\TestTasks.cpp">
      <Filter>Source Files</Filter>
    </ClCompile>
    <ClCompile Include="src\Editor\Core\EditorManager.cpp">
      <Filter>Source Files</Filter>
    </ClCompile>
    <ClCompile Include="src\Editor\PV\SceneRenderWindow.cpp">
      <Filter>Source Files</Filter>
    </ClCompile>
    <ClCompile Include="src\Graphics\Auth3D\DebugObj.cpp">
      <Filter>Source Files</Filter>
    </ClCompile>
    <ClCompile Include="src\ImGui\Implementation\ComfyD3D11.cpp">
      <Filter>Source Files</Filter>
    </ClCompile>
    <ClCompile Include="src\ImGui\Implementation\ComfyWin32.cpp">
      <Filter>Source Files</Filter>
    </ClCompile>
    <ClCompile Include="src\ImGui\ComfyTextureID.cpp">
      <Filter>Source Files</Filter>
    </ClCompile>
    <ClCompile Include="src\ImGui\Extensions\TxpExtensions.cpp">
      <Filter>Header Files</Filter>
    </ClCompile>
    <ClCompile Include="src\Database\SprDB.cpp">
      <Filter>Source Files</Filter>
    </ClCompile>
    <ClCompile Include="src\Database\AetDB.cpp">
      <Filter>Source Files</Filter>
    </ClCompile>
    <ClCompile Include="src\Graphics\Auth3D\A3D.cpp">
      <Filter>Source Files</Filter>
    </ClCompile>
    <ClCompile Include="src\Editor\PV\SceneEditor.cpp">
      <Filter>Source Files</Filter>
    </ClCompile>
    <ClCompile Include="src\Editor\Common\CameraController3D.cpp">
      <Filter>Source Files</Filter>
    </ClCompile>
    <ClCompile Include="src\Graphics\Auth3D\A3DMgr.cpp">
      <Filter>Source Files</Filter>
    </ClCompile>
    <ClCompile Include="src\Database\TxpDB.cpp">
      <Filter>Source Files</Filter>
    </ClCompile>
    <ClCompile Include="src\Editor\PV\CameraAxisIndication.cpp">
      <Filter>Source Files</Filter>
    </ClCompile>
    <ClCompile Include="src\ImGui\Extensions\ImGuiExtensions.cpp">
      <Filter>Source Files</Filter>
    </ClCompile>
    <ClCompile Include="src\Editor\PV\ExternalProcess.cpp">
      <Filter>Source Files</Filter>
    </ClCompile>
    <ClCompile Include="src\Editor\PV\MaterialEditor.cpp">
      <Filter>Source Files</Filter>
    </ClCompile>
    <ClCompile Include="src\Graphics\Auth3D\LightParam\FogParameter.cpp">
      <Filter>Source Files</Filter>
    </ClCompile>
    <ClCompile Include="src\Graphics\Auth3D\LightParam\GlowParameter.cpp">
      <Filter>Source Files</Filter>
    </ClCompile>
    <ClCompile Include="src\Graphics\Auth3D\LightParam\IBLParameters.cpp">
      <Filter>Source Files</Filter>
    </ClCompile>
    <ClCompile Include="src\Graphics\Auth3D\LightParam\LightParameters.cpp">
      <Filter>Source Files</Filter>
    </ClCompile>
    <ClCompile Include="src\Graphics\Auth2D\SprSet.cpp">
      <Filter>Source Files</Filter>
    </ClCompile>
    <ClCompile Include="src\Graphics\D3D11\Renderer\Detail\BlendStateCache.cpp">
      <Filter>Source Files</Filter>
    </ClCompile>
    <ClCompile Include="src\Graphics\D3D11\Renderer\Detail\SpriteBatchData.cpp">
      <Filter>Source Files</Filter>
    </ClCompile>
    <ClCompile Include="src\Graphics\D3D11\Renderer\Detail\TextureSamplerCache.cpp">
      <Filter>Source Files</Filter>
    </ClCompile>
    <ClCompile Include="src\Graphics\D3D11\Renderer\Detail\ToneMapData.cpp">
      <Filter>Source Files</Filter>
    </ClCompile>
    <ClCompile Include="src\Graphics\D3D11\Shader\Bytecode\ShaderBytecode.cpp">
      <Filter>Source Files</Filter>
    </ClCompile>
    <ClCompile Include="src\Graphics\D3D11\D3DResources.cpp">
      <Filter>Source Files</Filter>
    </ClCompile>
    <ClCompile Include="src\Graphics\D3D11\Direct3D.cpp">
      <Filter>Source Files</Filter>
    </ClCompile>
    <ClCompile Include="src\Graphics\D3D11\Buffer\ConstantBuffer.cpp">
      <Filter>Source Files</Filter>
    </ClCompile>
    <ClCompile Include="src\Graphics\D3D11\Buffer\IndexBuffer.cpp">
      <Filter>Source Files</Filter>
    </ClCompile>
    <ClCompile Include="src\Graphics\D3D11\Buffer\VertexBuffer.cpp">
      <Filter>Source Files</Filter>
    </ClCompile>
    <ClCompile Include="src\Graphics\D3D11\Renderer\Renderer3D.cpp">
      <Filter>Source Files</Filter>
    </ClCompile>
    <ClCompile Include="src\Graphics\D3D11\Renderer\Renderer2D.cpp">
      <Filter>Source Files</Filter>
    </ClCompile>
    <ClCompile Include="src\Graphics\D3D11\Shader\Shader.cpp">
      <Filter>Source Files</Filter>
    </ClCompile>
    <ClCompile Include="src\Graphics\D3D11\State\BlendState.cpp">
      <Filter>Source Files</Filter>
    </ClCompile>
    <ClCompile Include="src\Graphics\D3D11\State\DepthStencilState.cpp">
      <Filter>Source Files</Filter>
    </ClCompile>
    <ClCompile Include="src\Graphics\D3D11\State\InputLayout.cpp">
      <Filter>Source Files</Filter>
    </ClCompile>
    <ClCompile Include="src\Graphics\D3D11\State\OcclusionQuery.cpp">
      <Filter>Source Files</Filter>
    </ClCompile>
    <ClCompile Include="src\Graphics\D3D11\State\RasterizerState.cpp">
      <Filter>Source Files</Filter>
    </ClCompile>
    <ClCompile Include="src\Graphics\D3D11\Texture\DepthBuffer.cpp">
      <Filter>Source Files</Filter>
    </ClCompile>
    <ClCompile Include="src\Graphics\D3D11\Texture\RenderTarget.cpp">
      <Filter>Source Files</Filter>
    </ClCompile>
    <ClCompile Include="src\Graphics\D3D11\Texture\Texture.cpp">
      <Filter>Source Files</Filter>
    </ClCompile>
    <ClCompile Include="src\Graphics\D3D11\Texture\TextureSampler.cpp">
      <Filter>Source Files</Filter>
    </ClCompile>
  </ItemGroup>
  <ItemGroup>
    <ClInclude Include="src\DataTest\AudioTestWindow.h">
      <Filter>Header Files</Filter>
    </ClInclude>
    <ClInclude Include="src\Input\DirectInput\DirectInput.h">
      <Filter>Header Files</Filter>
    </ClInclude>
    <ClInclude Include="src\Input\DirectInput\DirectInputDevice.h">
      <Filter>Header Files</Filter>
    </ClInclude>
    <ClInclude Include="src\Input\IInputDevice.h">
      <Filter>Header Files</Filter>
    </ClInclude>
    <ClInclude Include="src\Input\DirectInput\DualShock4.h">
      <Filter>Header Files</Filter>
    </ClInclude>
    <ClInclude Include="src\Input\DirectInput\Ds4Button.h">
      <Filter>Header Files</Filter>
    </ClInclude>
    <ClInclude Include="src\Input\DirectInput\Ds4State.h">
      <Filter>Header Files</Filter>
    </ClInclude>
    <ClInclude Include="src\Input\Keyboard.h">
      <Filter>Header Files</Filter>
    </ClInclude>
    <ClInclude Include="src\DataTest\InputTestWindow.h">
      <Filter>Header Files</Filter>
    </ClInclude>
    <ClInclude Include="src\Audio\Waveform.h">
      <Filter>Header Files</Filter>
    </ClInclude>
    <ClInclude Include="src\ImGui\Widgets\FileViewer.h">
      <Filter>Header Files</Filter>
    </ClInclude>
    <ClInclude Include="res\resource.h">
      <Filter>Header Files</Filter>
    </ClInclude>
    <ClInclude Include="src\License\LicenseWindow.h">
      <Filter>Header Files</Filter>
    </ClInclude>
    <ClInclude Include="src\DataTest\IconTestWindow.h">
      <Filter>Header Files</Filter>
    </ClInclude>
    <ClInclude Include="src\Input\KeyCode.h">
      <Filter>Header Files</Filter>
    </ClInclude>
    <ClInclude Include="src\System\LibraryLoader.h">
      <Filter>Header Files</Filter>
    </ClInclude>
    <ClInclude Include="src\Core\TimeSpan.h">
      <Filter>Header Files</Filter>
    </ClInclude>
    <ClInclude Include="src\Core\BaseWindow.h">
      <Filter>Header Files</Filter>
    </ClInclude>
    <ClInclude Include="src\Core\Application.h">
      <Filter>Header Files</Filter>
    </ClInclude>
    <ClInclude Include="src\Core\DebugStopwatch.h">
      <Filter>Header Files</Filter>
    </ClInclude>
    <ClInclude Include="src\ImGui\Widgets\ComfyWidgets.h">
      <Filter>Header Files</Filter>
    </ClInclude>
    <ClInclude Include="src\ImGui\Gui.h">
      <Filter>Header Files</Filter>
    </ClInclude>
    <ClInclude Include="src\ImGui\Extensions\Theme.h">
      <Filter>Header Files</Filter>
    </ClInclude>
    <ClInclude Include="src\ImGui\Core\imstb_truetype.h">
      <Filter>Header Files</Filter>
    </ClInclude>
    <ClInclude Include="src\ImGui\Core\imgui_internal.h">
      <Filter>Header Files</Filter>
    </ClInclude>
    <ClInclude Include="src\ImGui\Core\imstb_rectpack.h">
      <Filter>Header Files</Filter>
    </ClInclude>
    <ClInclude Include="src\ImGui\Core\imstb_textedit.h">
      <Filter>Header Files</Filter>
    </ClInclude>
    <ClInclude Include="src\ImGui\Core\imgui.h">
      <Filter>Header Files</Filter>
    </ClInclude>
    <ClInclude Include="src\ImGui\Core\imconfig.h">
      <Filter>Header Files</Filter>
    </ClInclude>
    <ClInclude Include="src\ImGui\Extensions\InternalExtensions.h">
      <Filter>Header Files</Filter>
    </ClInclude>
    <ClInclude Include="src\Audio\Core\AudioEngine.h">
      <Filter>Header Files</Filter>
    </ClInclude>
    <ClInclude Include="src\Audio\Core\ICallbackReceiver.h">
      <Filter>Header Files</Filter>
    </ClInclude>
    <ClInclude Include="src\Audio\Core\AudioInstance.h">
      <Filter>Header Files</Filter>
    </ClInclude>
    <ClInclude Include="src\Audio\SampleProvider\ISampleProvider.h">
      <Filter>Header Files</Filter>
    </ClInclude>
    <ClInclude Include="src\Audio\SampleProvider\MemorySampleProvider.h">
      <Filter>Header Files</Filter>
    </ClInclude>
    <ClInclude Include="src\Audio\Decoder\AudioDecoderFactory.h">
      <Filter>Header Files</Filter>
    </ClInclude>
    <ClInclude Include="src\Audio\Decoder\IAudioDecoder.h">
      <Filter>Header Files</Filter>
    </ClInclude>
    <ClInclude Include="src\Audio\Decoder\Detail\Decoders.h">
      <Filter>Header Files</Filter>
    </ClInclude>
    <ClInclude Include="src\Audio\SampleProvider\SilenceSampleProvider.h">
      <Filter>Header Files</Filter>
    </ClInclude>
    <ClInclude Include="src\Audio\Core\Detail\ChannelMixer.h">
      <Filter>Header Files</Filter>
    </ClInclude>
    <ClInclude Include="src\Audio\Core\Detail\Resampler.h">
      <Filter>Header Files</Filter>
    </ClInclude>
    <ClInclude Include="src\Audio\Core\Detail\SampleMixer.h">
      <Filter>Header Files</Filter>
    </ClInclude>
    <ClInclude Include="src\System\Version\BuildConfiguration.h">
      <Filter>Header Files</Filter>
    </ClInclude>
    <ClInclude Include="src\System\Version\BuildVersion.h">
      <Filter>Header Files</Filter>
    </ClInclude>
    <ClInclude Include="src\System\CommandLine\CommandLine.h">
      <Filter>Header Files</Filter>
    </ClInclude>
    <ClInclude Include="src\System\CommandLine\CommandLineOption.h">
      <Filter>Header Files</Filter>
    </ClInclude>
    <ClInclude Include="lib\rtaudio\src\iasiothiscallresolver.h">
      <Filter>Header Files</Filter>
    </ClInclude>
    <ClInclude Include="lib\rtaudio\src\asio.h">
      <Filter>Header Files</Filter>
    </ClInclude>
    <ClInclude Include="lib\rtaudio\src\asiodrivers.h">
      <Filter>Header Files</Filter>
    </ClInclude>
    <ClInclude Include="lib\rtaudio\src\asiodrvr.h">
      <Filter>Header Files</Filter>
    </ClInclude>
    <ClInclude Include="lib\rtaudio\src\asiolist.h">
      <Filter>Header Files</Filter>
    </ClInclude>
    <ClInclude Include="lib\rtaudio\src\asiosys.h">
      <Filter>Header Files</Filter>
    </ClInclude>
    <ClInclude Include="lib\rtaudio\src\ginclude.h">
      <Filter>Header Files</Filter>
    </ClInclude>
    <ClInclude Include="lib\rtaudio\src\iasiodrv.h">
      <Filter>Header Files</Filter>
    </ClInclude>
    <ClInclude Include="src\System\Profiling\Profiler.h">
      <Filter>Header Files</Filter>
    </ClInclude>
    <ClInclude Include="src\Core\ApplicationHost.h">
      <Filter>Header Files</Filter>
    </ClInclude>
    <ClInclude Include="src\ImGui\GuiRenderer.h">
      <Filter>Header Files</Filter>
    </ClInclude>
    <ClInclude Include="src\Graphics\TxpSet.h">
      <Filter>Header Files</Filter>
    </ClInclude>
    <ClInclude Include="src\Graphics\Camera.h">
      <Filter>Header Files</Filter>
    </ClInclude>
    <ClInclude Include="src\Core\ComfyData.h">
      <Filter>Header Files</Filter>
    </ClInclude>
    <ClInclude Include="src\Editor\Core\IEditorComponent.h">
      <Filter>Header Files</Filter>
    </ClInclude>
    <ClInclude Include="src\Editor\Core\IFileDropReceiver.h">
      <Filter>Header Files</Filter>
    </ClInclude>
    <ClInclude Include="src\Editor\Core\RenderWindowBase.h">
      <Filter>Header Files</Filter>
    </ClInclude>
    <ClInclude Include="src\Editor\Core\Theme.h">
      <Filter>Header Files</Filter>
    </ClInclude>
    <ClInclude Include="src\Graphics\Auth2D\AetMgr.h">
      <Filter>Header Files</Filter>
    </ClInclude>
    <ClInclude Include="src\Graphics\Auth2D\AetSet.h">
      <Filter>Header Files</Filter>
    </ClInclude>
    <ClInclude Include="src\Graphics\Auth2D\AetRenderer.h">
      <Filter>Header Files</Filter>
    </ClInclude>
    <ClInclude Include="src\Editor\Aet\Command\AetCommand.h">
      <Filter>Header Files</Filter>
    </ClInclude>
    <ClInclude Include="src\Editor\Aet\Command\AetCommandManager.h">
      <Filter>Header Files</Filter>
    </ClInclude>
    <ClInclude Include="src\Editor\Aet\Command\AetHistoryWindow.h">
      <Filter>Header Files</Filter>
    </ClInclude>
    <ClInclude Include="src\Editor\Aet\Command\Commands.h">
      <Filter>Header Files</Filter>
    </ClInclude>
    <ClInclude Include="src\Editor\Aet\Core\AetInspector.h">
      <Filter>Header Files</Filter>
    </ClInclude>
    <ClInclude Include="src\Editor\Aet\Core\AetTreeView.h">
      <Filter>Header Files</Filter>
    </ClInclude>
    <ClInclude Include="src\Editor\Aet\RenderWindow\Tools\AetTool.h">
      <Filter>Header Files</Filter>
    </ClInclude>
    <ClInclude Include="src\Editor\Aet\RenderWindow\Tools\HandTool.h">
      <Filter>Header Files</Filter>
    </ClInclude>
    <ClInclude Include="src\Editor\Aet\RenderWindow\Tools\MoveTool.h">
      <Filter>Header Files</Filter>
    </ClInclude>
    <ClInclude Include="src\Editor\Aet\RenderWindow\Tools\RotateTool.h">
      <Filter>Header Files</Filter>
    </ClInclude>
    <ClInclude Include="src\Editor\Aet\RenderWindow\Tools\ScaleTool.h">
      <Filter>Header Files</Filter>
    </ClInclude>
    <ClInclude Include="src\Editor\Aet\RenderWindow\Tools\TransformBox.h">
      <Filter>Header Files</Filter>
    </ClInclude>
    <ClInclude Include="src\Editor\Aet\RenderWindow\Tools\TransformTool.h">
      <Filter>Header Files</Filter>
    </ClInclude>
    <ClInclude Include="src\Editor\Aet\RenderWindow\AetRenderPreviewData.h">
      <Filter>Header Files</Filter>
    </ClInclude>
    <ClInclude Include="src\Editor\Aet\RenderWindow\AetRenderWindow.h">
      <Filter>Header Files</Filter>
    </ClInclude>
    <ClInclude Include="src\Editor\Aet\RenderWindow\ObjectMousePicker.h">
      <Filter>Header Files</Filter>
    </ClInclude>
    <ClInclude Include="src\Editor\Aet\Timeline\AetTimeline.h">
      <Filter>Header Files</Filter>
    </ClInclude>
    <ClInclude Include="src\Editor\Aet\Timeline\AetTimelineController.h">
      <Filter>Header Files</Filter>
    </ClInclude>
    <ClInclude Include="src\Editor\Aet\Timeline\KeyFrameRenderer.h">
      <Filter>Header Files</Filter>
    </ClInclude>
    <ClInclude Include="src\Editor\Aet\AetEditor.h">
      <Filter>Header Files</Filter>
    </ClInclude>
    <ClInclude Include="src\Editor\Aet\AetIcons.h">
      <Filter>Header Files</Filter>
    </ClInclude>
    <ClInclude Include="src\Editor\Aet\AetSelection.h">
      <Filter>Header Files</Filter>
    </ClInclude>
    <ClInclude Include="src\Editor\Aet\IMutatingEditorComponent.h">
      <Filter>Header Files</Filter>
    </ClInclude>
    <ClInclude Include="src\Editor\Chart\Timeline\TargetTimeline.h">
      <Filter>Header Files</Filter>
    </ClInclude>
    <ClInclude Include="src\Editor\Chart\Timeline\TimelineControlMode.h">
      <Filter>Header Files</Filter>
    </ClInclude>
    <ClInclude Include="src\Editor\Chart\Timeline\TimelineMap.h">
      <Filter>Header Files</Filter>
    </ClInclude>
    <ClInclude Include="src\Editor\Chart\Timeline\TimelineRenderer.h">
      <Filter>Header Files</Filter>
    </ClInclude>
    <ClInclude Include="src\Editor\Chart\Timeline\TimelineTick.h">
      <Filter>Header Files</Filter>
    </ClInclude>
    <ClInclude Include="src\Editor\Chart\Chart.h">
      <Filter>Header Files</Filter>
    </ClInclude>
    <ClInclude Include="src\Editor\Chart\ChartEditor.h">
      <Filter>Header Files</Filter>
    </ClInclude>
    <ClInclude Include="src\Editor\Chart\SyncWindow.h">
      <Filter>Header Files</Filter>
    </ClInclude>
    <ClInclude Include="src\Editor\Chart\TargetList.h">
      <Filter>Header Files</Filter>
    </ClInclude>
    <ClInclude Include="src\Editor\Chart\TargetRenderWindow.h">
      <Filter>Header Files</Filter>
    </ClInclude>
    <ClInclude Include="src\Editor\Chart\TempoChange.h">
      <Filter>Header Files</Filter>
    </ClInclude>
    <ClInclude Include="src\Editor\Chart\TempoMap.h">
      <Filter>Header Files</Filter>
    </ClInclude>
    <ClInclude Include="src\Editor\Command\CommandManager.h">
      <Filter>Header Files</Filter>
    </ClInclude>
    <ClInclude Include="src\Editor\Command\ICommand.h">
      <Filter>Header Files</Filter>
    </ClInclude>
    <ClInclude Include="src\Editor\Common\AudioController.h">
      <Filter>Header Files</Filter>
    </ClInclude>
    <ClInclude Include="src\Editor\Common\CameraController2D.h">
      <Filter>Header Files</Filter>
    </ClInclude>
    <ClInclude Include="src\Editor\Common\CheckerboardGrid.h">
      <Filter>Header Files</Filter>
    </ClInclude>
    <ClInclude Include="src\Editor\Timeline\FrameTimeline.h">
      <Filter>Header Files</Filter>
    </ClInclude>
    <ClInclude Include="src\Editor\Timeline\ITimelinePlaybackControllable.h">
      <Filter>Header Files</Filter>
    </ClInclude>
    <ClInclude Include="src\Editor\Timeline\ITimelineUnitConverter.h">
      <Filter>Header Files</Filter>
    </ClInclude>
    <ClInclude Include="src\Editor\Timeline\TimelineBase.h">
      <Filter>Header Files</Filter>
    </ClInclude>
    <ClInclude Include="src\Editor\Timeline\TimelineBaseRegions.h">
      <Filter>Header Files</Filter>
    </ClInclude>
    <ClInclude Include="src\Editor\Timeline\TimelineFrame.h">
      <Filter>Header Files</Filter>
    </ClInclude>
    <ClInclude Include="src\Editor\Timeline\TimelineScrollbar.h">
      <Filter>Header Files</Filter>
    </ClInclude>
    <ClInclude Include="src\Graphics\Auth3D\ObjSet.h">
      <Filter>Header Files</Filter>
    </ClInclude>
    <ClInclude Include="src\App\Engine.h">
      <Filter>Header Files</Filter>
    </ClInclude>
    <ClInclude Include="src\App\Task.h">
      <Filter>Header Files</Filter>
    </ClInclude>
    <ClInclude Include="src\App\TestTasks.h">
      <Filter>Header Files</Filter>
    </ClInclude>
    <ClInclude Include="src\Editor\Core\EditorManager.h">
      <Filter>Header Files</Filter>
    </ClInclude>
    <ClInclude Include="src\Editor\PV\SceneRenderWindow.h">
      <Filter>Header Files</Filter>
    </ClInclude>
    <ClInclude Include="src\Graphics\Auth3D\SceneContext.h">
      <Filter>Header Files</Filter>
    </ClInclude>
    <ClInclude Include="src\Graphics\Auth3D\BoundingTypes.h">
      <Filter>Header Files</Filter>
    </ClInclude>
    <ClInclude Include="src\Graphics\Auth3D\DebugObj.h">
      <Filter>Header Files</Filter>
    </ClInclude>
    <ClInclude Include="src\Core\ComfyConfig.h">
      <Filter>Header Files</Filter>
    </ClInclude>
    <ClInclude Include="src\ImGui\Implementation\ComfyD3D11.h">
      <Filter>Header Files</Filter>
    </ClInclude>
    <ClInclude Include="src\ImGui\Implementation\ComfyWin32.h">
      <Filter>Header Files</Filter>
    </ClInclude>
    <ClInclude Include="src\ImGui\Core\imgui_user.h">
      <Filter>Header Files</Filter>
    </ClInclude>
    <ClInclude Include="src\ImGui\ComfyTextureID.h">
      <Filter>Header Files</Filter>
    </ClInclude>
    <ClInclude Include="src\ImGui\Extensions\TxpExtensions.h">
      <Filter>Header Files</Filter>
    </ClInclude>
    <ClInclude Include="src\Database\Database.h">
      <Filter>Header Files</Filter>
    </ClInclude>
    <ClInclude Include="src\Database\SprDB.h">
      <Filter>Header Files</Filter>
    </ClInclude>
    <ClInclude Include="src\Database\AetDB.h">
      <Filter>Header Files</Filter>
    </ClInclude>
    <ClInclude Include="src\Graphics\Auth3D\A3D.h">
      <Filter>Header Files</Filter>
    </ClInclude>
    <ClInclude Include="src\Editor\PV\SceneEditor.h">
      <Filter>Header Files</Filter>
    </ClInclude>
    <ClInclude Include="src\Editor\PV\Debug.h">
      <Filter>Header Files</Filter>
    </ClInclude>
    <ClInclude Include="src\Graphics\Auth3D\Transform.h">
      <Filter>Header Files</Filter>
    </ClInclude>
    <ClInclude Include="src\Editor\PV\StageTest.h">
      <Filter>Header Files</Filter>
    </ClInclude>
    <ClInclude Include="src\Editor\PV\CharaTest.h">
      <Filter>Header Files</Filter>
    </ClInclude>
    <ClInclude Include="src\Editor\PV\SceneGraph.h">
      <Filter>Header Files</Filter>
    </ClInclude>
    <ClInclude Include="src\Editor\Common\CameraController3D.h">
      <Filter>Header Files</Filter>
    </ClInclude>
    <ClInclude Include="src\Graphics\Auth3D\A3DMgr.h">
      <Filter>Header Files</Filter>
    </ClInclude>
    <ClInclude Include="src\Graphics\Auth3D\RayIntersection.h">
      <Filter>Header Files</Filter>
    </ClInclude>
    <ClInclude Include="src\Database\TxpDB.h">
      <Filter>Header Files</Filter>
    </ClInclude>
    <ClInclude Include="src\Graphics\Auth3D\ObjAnimationData.h">
      <Filter>Header Files</Filter>
    </ClInclude>
    <ClInclude Include="src\Editor\PV\CameraAxisIndication.h">
      <Filter>Header Files</Filter>
    </ClInclude>
    <ClInclude Include="src\Graphics\Auth2D\Transform2D.h">
      <Filter>Header Files</Filter>
    </ClInclude>
    <ClInclude Include="src\ImGui\Extensions\ImGuiExtensions.h">
      <Filter>Header Files</Filter>
    </ClInclude>
    <ClInclude Include="src\Editor\PV\ExternalProcess.h">
      <Filter>Header Files</Filter>
    </ClInclude>
    <ClInclude Include="src\Graphics\GraphicTypesNames.h">
      <Filter>Header Files</Filter>
    </ClInclude>
    <ClInclude Include="src\Graphics\GraphicTypes.h">
      <Filter>Header Files</Filter>
    </ClInclude>
    <ClInclude Include="src\Resource\ResourceIDMap.h">
      <Filter>Header Files</Filter>
    </ClInclude>
    <ClInclude Include="src\Resource\IDHash.h">
      <Filter>Header Files</Filter>
    </ClInclude>
    <ClInclude Include="src\Resource\IDTypes.h">
      <Filter>Header Files</Filter>
    </ClInclude>
    <ClInclude Include="src\Resource\Detail\IDTypeDeclarations.h">
      <Filter>Header Files</Filter>
    </ClInclude>
    <ClInclude Include="src\Editor\PV\MaterialEditor.h">
      <Filter>Header Files</Filter>
    </ClInclude>
    <ClInclude Include="src\ImGui\Extensions\PropertyEditor.h">
      <Filter>Header Files</Filter>
    </ClInclude>
    <ClInclude Include="src\Graphics\Auth3D\LightParam\Parameters.h">
      <Filter>Header Files</Filter>
    </ClInclude>
    <ClInclude Include="src\Graphics\Auth3D\LightParam\FogParameter.h">
      <Filter>Header Files</Filter>
    </ClInclude>
    <ClInclude Include="src\Graphics\Auth3D\LightParam\GlowParameter.h">
      <Filter>Header Files</Filter>
    </ClInclude>
    <ClInclude Include="src\Graphics\Auth3D\LightParam\IBLParameters.h">
      <Filter>Header Files</Filter>
    </ClInclude>
    <ClInclude Include="src\Graphics\Auth3D\LightParam\LightParameters.h">
      <Filter>Header Files</Filter>
    </ClInclude>
    <ClInclude Include="src\Graphics\Auth2D\SprSet.h">
      <Filter>Header Files</Filter>
    </ClInclude>
    <ClInclude Include="src\Graphics\GPU\GPUResources.h">
      <Filter>Header Files</Filter>
    </ClInclude>
    <ClInclude Include="src\Graphics\GPU\GPURenderers.h">
      <Filter>Header Files</Filter>
    </ClInclude>
    <ClInclude Include="src\Graphics\D3D11\Renderer\Detail\BlendStateCache.h">
      <Filter>Header Files</Filter>
    </ClInclude>
    <ClInclude Include="src\Graphics\D3D11\Renderer\Detail\ShaderFlags.h">
      <Filter>Header Files</Filter>
    </ClInclude>
    <ClInclude Include="src\Graphics\D3D11\Renderer\Detail\SpriteBatchData.h">
      <Filter>Header Files</Filter>
    </ClInclude>
    <ClInclude Include="src\Graphics\D3D11\Renderer\Detail\TextureSamplerCache.h">
      <Filter>Header Files</Filter>
    </ClInclude>
    <ClInclude Include="src\Graphics\D3D11\Renderer\Detail\ToneMapData.h">
      <Filter>Header Files</Filter>
    </ClInclude>
    <ClInclude Include="src\Graphics\D3D11\Shader\Bytecode\ShaderBytecode.h">
      <Filter>Header Files</Filter>
    </ClInclude>
    <ClInclude Include="src\Graphics\D3D11\Direct3D.h">
      <Filter>Header Files</Filter>
    </ClInclude>
    <ClInclude Include="src\Graphics\D3D11\IGraphicsResource.h">
      <Filter>Header Files</Filter>
    </ClInclude>
    <ClInclude Include="src\Graphics\D3D11\Buffer\ConstantBuffer.h">
      <Filter>Header Files</Filter>
    </ClInclude>
    <ClInclude Include="src\Graphics\D3D11\Buffer\IndexBuffer.h">
      <Filter>Header Files</Filter>
    </ClInclude>
    <ClInclude Include="src\Graphics\D3D11\Buffer\VertexBuffer.h">
      <Filter>Header Files</Filter>
    </ClInclude>
    <ClInclude Include="src\Graphics\D3D11\Renderer\Renderer3D.h">
      <Filter>Header Files</Filter>
    </ClInclude>
    <ClInclude Include="src\Graphics\D3D11\Renderer\Renderer2D.h">
      <Filter>Header Files</Filter>
    </ClInclude>
    <ClInclude Include="src\Graphics\D3D11\Shader\Shader.h">
      <Filter>Header Files</Filter>
    </ClInclude>
    <ClInclude Include="src\Graphics\D3D11\State\BlendState.h">
      <Filter>Header Files</Filter>
    </ClInclude>
    <ClInclude Include="src\Graphics\D3D11\State\RasterizerState.h">
      <Filter>Header Files</Filter>
    </ClInclude>
    <ClInclude Include="src\Graphics\D3D11\State\DepthStencilState.h">
      <Filter>Header Files</Filter>
    </ClInclude>
    <ClInclude Include="src\Graphics\D3D11\State\InputLayout.h">
      <Filter>Header Files</Filter>
    </ClInclude>
    <ClInclude Include="src\Graphics\D3D11\State\OcclusionQuery.h">
      <Filter>Header Files</Filter>
    </ClInclude>
    <ClInclude Include="src\Graphics\D3D11\Texture\DepthBuffer.h">
      <Filter>Header Files</Filter>
    </ClInclude>
    <ClInclude Include="src\Graphics\D3D11\Texture\RenderTarget.h">
      <Filter>Header Files</Filter>
    </ClInclude>
    <ClInclude Include="src\Graphics\D3D11\Texture\Texture.h">
      <Filter>Header Files</Filter>
    </ClInclude>
    <ClInclude Include="src\Graphics\D3D11\Texture\TextureSampler.h">
      <Filter>Header Files</Filter>
    </ClInclude>
  </ItemGroup>
  <ItemGroup>
    <ResourceCompile Include="res\ComfyStudio.rc">
      <Filter>Resource Files</Filter>
    </ResourceCompile>
  </ItemGroup>
  <ItemGroup>
    <Image Include="res\ComfyIcon.ico">
      <Filter>Resource Files</Filter>
    </Image>
  </ItemGroup>
  <ItemGroup>
    <FxCompile Include="src\Graphics\D3D11\Shader\Source\Comfy\Include\BlendModes.hlsl" />
    <FxCompile Include="src\Graphics\D3D11\Shader\Source\Comfy\Include\Checkerboard.hlsl" />
    <FxCompile Include="src\Graphics\D3D11\Shader\Source\Comfy\Include\CubeMapCommon.hlsl" />
    <FxCompile Include="src\Graphics\D3D11\Shader\Source\Comfy\Include\Font.hlsl" />
    <FxCompile Include="src\Graphics\D3D11\Shader\Source\Comfy\Include\UncompressRGTC.hlsl" />
    <FxCompile Include="src\Graphics\D3D11\Shader\Source\Comfy\ImGuiCustom_PS.hlsl" />
    <FxCompile Include="src\Graphics\D3D11\Shader\Source\Comfy\ImGuiDefault_PS.hlsl" />
    <FxCompile Include="src\Graphics\D3D11\Shader\Source\Comfy\ImGuiDefault_VS.hlsl" />
    <FxCompile Include="src\Graphics\D3D11\Shader\Source\Comfy\Sprite_PS.hlsl" />
    <FxCompile Include="src\Graphics\D3D11\Shader\Source\Comfy\Sprite_VS.hlsl" />
    <FxCompile Include="src\Graphics\D3D11\Shader\Source\Materials\Chara\ClothAniso_PS.hlsl" />
    <FxCompile Include="src\Graphics\D3D11\Shader\Source\Materials\Chara\ClothDefault_PS.hlsl" />
    <FxCompile Include="src\Graphics\D3D11\Shader\Source\Materials\Chara\ClothDefault_VS.hlsl" />
    <FxCompile Include="src\Graphics\D3D11\Shader\Source\Materials\Chara\EyeBall_PS.hlsl" />
    <FxCompile Include="src\Graphics\D3D11\Shader\Source\Materials\Chara\EyeBall_VS.hlsl" />
    <FxCompile Include="src\Graphics\D3D11\Shader\Source\Materials\Chara\EyeLens_PS.hlsl" />
    <FxCompile Include="src\Graphics\D3D11\Shader\Source\Materials\Chara\EyeLens_VS.hlsl" />
    <FxCompile Include="src\Graphics\D3D11\Shader\Source\Materials\Chara\GlassEye_PS.hlsl" />
    <FxCompile Include="src\Graphics\D3D11\Shader\Source\Materials\Chara\GlassEye_VS.hlsl" />
    <FxCompile Include="src\Graphics\D3D11\Shader\Source\Materials\Chara\HairAniso_PS.hlsl" />
    <FxCompile Include="src\Graphics\D3D11\Shader\Source\Materials\Chara\HairDefault_PS.hlsl" />
    <FxCompile Include="src\Graphics\D3D11\Shader\Source\Materials\Chara\HairDefault_VS.hlsl" />
    <FxCompile Include="src\Graphics\D3D11\Shader\Source\Materials\Chara\ItemBlinn_PS.hlsl" />
    <FxCompile Include="src\Graphics\D3D11\Shader\Source\Materials\Chara\ItemBlinn_VS.hlsl" />
    <FxCompile Include="src\Graphics\D3D11\Shader\Source\Materials\Chara\SkinDefault_PS.hlsl" />
    <FxCompile Include="src\Graphics\D3D11\Shader\Source\Materials\Chara\SkinDefault_VS.hlsl" />
    <FxCompile Include="src\Graphics\D3D11\Shader\Source\Materials\Chara\SSSSkin_PS.hlsl" />
    <FxCompile Include="src\Graphics\D3D11\Shader\Source\Materials\Chara\SSSSkin_VS.hlsl" />
    <FxCompile Include="src\Graphics\D3D11\Shader\Source\Materials\Chara\SSSSkinConst_PS.hlsl" />
    <FxCompile Include="src\Graphics\D3D11\Shader\Source\Materials\Chara\Tights_PS.hlsl" />
    <FxCompile Include="src\Graphics\D3D11\Shader\Source\Materials\Chara\Tights_VS.hlsl" />
    <FxCompile Include="src\Graphics\D3D11\Shader\Source\Materials\Include\Assembly\DebugInterface.hlsl" />
    <FxCompile Include="src\Graphics\D3D11\Shader\Source\Materials\Include\Assembly\Helper.hlsl" />
    <FxCompile Include="src\Graphics\D3D11\Shader\Source\Materials\Include\Assembly\InputOutput.hlsl" />
    <FxCompile Include="src\Graphics\D3D11\Shader\Source\Materials\Include\Assembly\Instructions.hlsl" />
    <FxCompile Include="src\Graphics\D3D11\Shader\Source\Materials\Include\Assembly\ProgramEnvironment.hlsl" />
    <FxCompile Include="src\Graphics\D3D11\Shader\Source\Materials\Include\Assembly\TempRefactor.hlsl" />
    <FxCompile Include="src\Graphics\D3D11\Shader\Source\Materials\Include\Defines\MathConstants.hlsl" />
    <FxCompile Include="src\Graphics\D3D11\Shader\Source\Materials\Include\Defines\ShaderFlags.hlsl" />
    <FxCompile Include="src\Graphics\D3D11\Shader\Source\Materials\Include\Defines\TextureFormats.hlsl" />
    <FxCompile Include="src\Graphics\D3D11\Shader\Source\Materials\Include\Structs\MaterialData.hlsl" />
    <FxCompile Include="src\Graphics\D3D11\Shader\Source\Materials\Include\Structs\ObjectData.hlsl" />
    <FxCompile Include="src\Graphics\D3D11\Shader\Source\Materials\Include\Structs\SceneData.hlsl" />
    <FxCompile Include="src\Graphics\D3D11\Shader\Source\Materials\Include\Structs\SkeletonData.hlsl" />
    <FxCompile Include="src\Graphics\D3D11\Shader\Source\Materials\Include\ConstantInputs.hlsl" />
    <FxCompile Include="src\Graphics\D3D11\Shader\Source\Materials\Include\InputLayout.hlsl" />
    <FxCompile Include="src\Graphics\D3D11\Shader\Source\Materials\Include\TextureInputs.hlsl" />
    <FxCompile Include="src\Graphics\D3D11\Shader\Source\Materials\LensFlare\LensFlare_PS.hlsl" />
    <FxCompile Include="src\Graphics\D3D11\Shader\Source\Materials\LensFlare\LensFlare_VS.hlsl" />
    <FxCompile Include="src\Graphics\D3D11\Shader\Source\Materials\LensFlare\Sun_PS.hlsl" />
    <FxCompile Include="src\Graphics\D3D11\Shader\Source\Materials\Other\DebugMaterial_PS.hlsl" />
    <FxCompile Include="src\Graphics\D3D11\Shader\Source\Materials\Other\DebugMaterial_VS.hlsl" />
    <FxCompile Include="src\Graphics\D3D11\Shader\Source\Materials\Other\PositionTransform_VS.hlsl" />
    <FxCompile Include="src\Graphics\D3D11\Shader\Source\Materials\Other\Silhouette_PS.hlsl" />
    <FxCompile Include="src\Graphics\D3D11\Shader\Source\Materials\Other\Silhouette_VS.hlsl" />
    <FxCompile Include="src\Graphics\D3D11\Shader\Source\Materials\Other\SolidBlack_PS.hlsl" />
    <FxCompile Include="src\Graphics\D3D11\Shader\Source\Materials\Other\SolidWhite_PS.hlsl" />
    <FxCompile Include="src\Graphics\D3D11\Shader\Source\Materials\Stage\BlinnPerFrag_PS.hlsl" />
    <FxCompile Include="src\Graphics\D3D11\Shader\Source\Materials\Stage\BlinnPerFrag_VS.hlsl" />
    <FxCompile Include="src\Graphics\D3D11\Shader\Source\Materials\Stage\BlinnPerVert_PS.hlsl" />
    <FxCompile Include="src\Graphics\D3D11\Shader\Source\Materials\Stage\BlinnPerVert_VS.hlsl" />
    <FxCompile Include="src\Graphics\D3D11\Shader\Source\Materials\Stage\Constant_PS.hlsl" />
    <FxCompile Include="src\Graphics\D3D11\Shader\Source\Materials\Stage\Constant_VS.hlsl" />
    <FxCompile Include="src\Graphics\D3D11\Shader\Source\Materials\Stage\Floor_PS.hlsl" />
    <FxCompile Include="src\Graphics\D3D11\Shader\Source\Materials\Stage\Floor_VS.hlsl" />
    <FxCompile Include="src\Graphics\D3D11\Shader\Source\Materials\Stage\Lambert_PS.hlsl" />
    <FxCompile Include="src\Graphics\D3D11\Shader\Source\Materials\Stage\Lambert_VS.hlsl" />
    <FxCompile Include="src\Graphics\D3D11\Shader\Source\Materials\Stage\SkyDefault_PS.hlsl" />
    <FxCompile Include="src\Graphics\D3D11\Shader\Source\Materials\Stage\SkyDefault_VS.hlsl" />
    <FxCompile Include="src\Graphics\D3D11\Shader\Source\Materials\Stage\StageBlinn_PS.hlsl" />
    <FxCompile Include="src\Graphics\D3D11\Shader\Source\Materials\Stage\StageBlinn_VS.hlsl" />
    <FxCompile Include="src\Graphics\D3D11\Shader\Source\Materials\Stage\Water_PS.hlsl" />
    <FxCompile Include="src\Graphics\D3D11\Shader\Source\Materials\Stage\Water_VS.hlsl" />
    <FxCompile Include="src\Graphics\D3D11\Shader\Source\PostProcessing\Bloom\PPGauss_PS.hlsl" />
    <FxCompile Include="src\Graphics\D3D11\Shader\Source\PostProcessing\Bloom\ReduceTex_PS.hlsl" />
    <FxCompile Include="src\Graphics\D3D11\Shader\Source\PostProcessing\Exposure\ExposureAverage_PS.hlsl" />
    <FxCompile Include="src\Graphics\D3D11\Shader\Source\PostProcessing\Exposure\ExposureMeasure_PS.hlsl" />
    <FxCompile Include="src\Graphics\D3D11\Shader\Source\PostProcessing\Exposure\ExposureMinify_PS.hlsl" />
    <FxCompile Include="src\Graphics\D3D11\Shader\Source\PostProcessing\Other\FullscreenQuad_VS.hlsl" />
    <FxCompile Include="src\Graphics\D3D11\Shader\Source\PostProcessing\Other\SilhouetteOutline_PS.hlsl" />
    <FxCompile Include="src\Graphics\D3D11\Shader\Source\PostProcessing\Shadow\DepthThreshold_PS.hlsl" />
    <FxCompile Include="src\Graphics\D3D11\Shader\Source\PostProcessing\Shadow\ESMFilterErosion_PS.hlsl" />
    <FxCompile Include="src\Graphics\D3D11\Shader\Source\PostProcessing\Shadow\ESMFilterMin_PS.hlsl" />
    <FxCompile Include="src\Graphics\D3D11\Shader\Source\PostProcessing\Shadow\ESMGauss_PS.hlsl" />
    <FxCompile Include="src\Graphics\D3D11\Shader\Source\PostProcessing\Shadow\ImgFilter_PS.hlsl" />
    <FxCompile Include="src\Graphics\D3D11\Shader\Source\PostProcessing\Shadow\ImgFilterBlur_PS.hlsl" />
    <FxCompile Include="src\Graphics\D3D11\Shader\Source\PostProcessing\SSS\SSSFilterCopy_PS.hlsl" />
    <FxCompile Include="src\Graphics\D3D11\Shader\Source\PostProcessing\SSS\SSSFilterGauss2D_PS.hlsl" />
    <FxCompile Include="src\Graphics\D3D11\Shader\Source\PostProcessing\SSS\SSSFilterMin_PS.hlsl" />
    <FxCompile Include="src\Graphics\D3D11\Shader\Source\PostProcessing\ToneMap\ToneMap_PS.hlsl" />
  </ItemGroup>
  <ItemGroup>
    <None Include="src\Graphics\D3D11\Renderer\Detail\ConstantData.h" />
  </ItemGroup>
</Project>